// !$*UTF8*$!
{
	archiveVersion = 1;
	classes = {
	};
	objectVersion = 52;
	objects = {

/* Begin PBXBuildFile section */
		0C0351832545FA5A00BC3461 /* SoundSelectorViewController.swift in Sources */ = {isa = PBXBuildFile; fileRef = 0C0351822545FA5A00BC3461 /* SoundSelectorViewController.swift */; };
		0C0351862545FA6800BC3461 /* SoundSelectorViewModel.swift in Sources */ = {isa = PBXBuildFile; fileRef = 0C0351852545FA6800BC3461 /* SoundSelectorViewModel.swift */; };
		0C03518925460C9F00BC3461 /* SoundSelectorTableViewCell.swift in Sources */ = {isa = PBXBuildFile; fileRef = 0C03518825460C9F00BC3461 /* SoundSelectorTableViewCell.swift */; };
		0C09B49825C1BDE500E8BDCB /* AudioModeSelectorViewController.swift in Sources */ = {isa = PBXBuildFile; fileRef = 0C09B49725C1BDE500E8BDCB /* AudioModeSelectorViewController.swift */; };
		0C09B49C25C1BDF500E8BDCB /* AudioModeSelectorViewModel.swift in Sources */ = {isa = PBXBuildFile; fileRef = 0C09B49B25C1BDF500E8BDCB /* AudioModeSelectorViewModel.swift */; };
		0C29140025403374009BDB52 /* ProjectListViewController.swift in Sources */ = {isa = PBXBuildFile; fileRef = 0C2913FF25403374009BDB52 /* ProjectListViewController.swift */; };
		0C29140425403398009BDB52 /* ProjectListViewModel.swift in Sources */ = {isa = PBXBuildFile; fileRef = 0C29140325403398009BDB52 /* ProjectListViewModel.swift */; };
		0C2914072540375D009BDB52 /* ProjectListTableViewCell.swift in Sources */ = {isa = PBXBuildFile; fileRef = 0C2914062540375D009BDB52 /* ProjectListTableViewCell.swift */; };
		0C29140A254038E5009BDB52 /* Project.swift in Sources */ = {isa = PBXBuildFile; fileRef = 0C291409254038E5009BDB52 /* Project.swift */; };
		0C29140D25403D47009BDB52 /* UINavigationController+CompletionHandler.swift in Sources */ = {isa = PBXBuildFile; fileRef = 0C29140C25403D47009BDB52 /* UINavigationController+CompletionHandler.swift */; };
		0C29141025403FB7009BDB52 /* UIViewController+Alerts.swift in Sources */ = {isa = PBXBuildFile; fileRef = 0C29140F25403FB7009BDB52 /* UIViewController+Alerts.swift */; };
		0C29141325405906009BDB52 /* Sound.swift in Sources */ = {isa = PBXBuildFile; fileRef = 0C29141225405906009BDB52 /* Sound.swift */; };
		0C29141E254087B8009BDB52 /* SoundManager.swift in Sources */ = {isa = PBXBuildFile; fileRef = 0C29141D254087B8009BDB52 /* SoundManager.swift */; };
		0C2914222540A2AE009BDB52 /* Double+Rounding.swift in Sources */ = {isa = PBXBuildFile; fileRef = 0C2914212540A2AE009BDB52 /* Double+Rounding.swift */; };
		0C2914252540A569009BDB52 /* VideoRenderer.swift in Sources */ = {isa = PBXBuildFile; fileRef = 0C2914242540A569009BDB52 /* VideoRenderer.swift */; };
		0C2B1ADF25BECA4D00D50E9F /* IAPManager.swift in Sources */ = {isa = PBXBuildFile; fileRef = 0C2B1ADE25BECA4D00D50E9F /* IAPManager.swift */; };
		0C2BFF0A253F35CB00ED700D /* AppDelegate.swift in Sources */ = {isa = PBXBuildFile; fileRef = 0C2BFF09253F35CB00ED700D /* AppDelegate.swift */; };
		0C2BFF13253F35CC00ED700D /* Assets.xcassets in Resources */ = {isa = PBXBuildFile; fileRef = 0C2BFF12253F35CC00ED700D /* Assets.xcassets */; };
		0C2BFF16253F35CC00ED700D /* LaunchScreen.storyboard in Resources */ = {isa = PBXBuildFile; fileRef = 0C2BFF14253F35CC00ED700D /* LaunchScreen.storyboard */; };
		0C2BFF22253F36CC00ED700D /* RootViewController.swift in Sources */ = {isa = PBXBuildFile; fileRef = 0C2BFF21253F36CC00ED700D /* RootViewController.swift */; };
		0C2BFF29253F385400ED700D /* UIViewController+NavigaionController.swift in Sources */ = {isa = PBXBuildFile; fileRef = 0C2BFF28253F385400ED700D /* UIViewController+NavigaionController.swift */; };
		0C2BFF2D253F3A5500ED700D /* RootViewModel.swift in Sources */ = {isa = PBXBuildFile; fileRef = 0C2BFF2C253F3A5500ED700D /* RootViewModel.swift */; };
		0C2BFF31253F43AB00ED700D /* EditorViewController.swift in Sources */ = {isa = PBXBuildFile; fileRef = 0C2BFF30253F43AB00ED700D /* EditorViewController.swift */; };
		0C2BFF35253F43F000ED700D /* EditorViewModel.swift in Sources */ = {isa = PBXBuildFile; fileRef = 0C2BFF34253F43F000ED700D /* EditorViewModel.swift */; };
		0C5CE6A825C29D87003B34A3 /* LocalizeSystem.swift in Sources */ = {isa = PBXBuildFile; fileRef = 0C5CE6A725C29D87003B34A3 /* LocalizeSystem.swift */; };
		0C5CE6AD25C2A11C003B34A3 /* Localizable.strings in Resources */ = {isa = PBXBuildFile; fileRef = 0C5CE6AF25C2A11C003B34A3 /* Localizable.strings */; };
		0C63D8DD25C5D0FB00979443 /* SettingsLanguageTableViewCell.swift in Sources */ = {isa = PBXBuildFile; fileRef = 0C63D8DC25C5D0FB00979443 /* SettingsLanguageTableViewCell.swift */; };
		0C63D8E125C5D28100979443 /* SettingsLanguageTableViewCellModel.swift in Sources */ = {isa = PBXBuildFile; fileRef = 0C63D8E025C5D28100979443 /* SettingsLanguageTableViewCellModel.swift */; };
		0C63D8E525C5D58300979443 /* LanguageListViewController.swift in Sources */ = {isa = PBXBuildFile; fileRef = 0C63D8E425C5D58300979443 /* LanguageListViewController.swift */; };
		0C63D8E825C5D5CC00979443 /* LanguageListViewModel.swift in Sources */ = {isa = PBXBuildFile; fileRef = 0C63D8E725C5D5CC00979443 /* LanguageListViewModel.swift */; };
		0C63D8EB25C5D81200979443 /* LanguageListTableViewCell.swift in Sources */ = {isa = PBXBuildFile; fileRef = 0C63D8EA25C5D81200979443 /* LanguageListTableViewCell.swift */; };
		0C63D8EE25C5E18F00979443 /* CensorViewController.swift in Sources */ = {isa = PBXBuildFile; fileRef = 0C63D8ED25C5E18F00979443 /* CensorViewController.swift */; };
		0C6904A525449D920096E323 /* DateHelper.swift in Sources */ = {isa = PBXBuildFile; fileRef = 0C6904A425449D920096E323 /* DateHelper.swift */; };
		0C6F0A252554771F00C2CB14 /* ColorManager.swift in Sources */ = {isa = PBXBuildFile; fileRef = 0C6F0A242554771F00C2CB14 /* ColorManager.swift */; };
		0C6F0A282554857500C2CB14 /* VideoTimelineSoundView.swift in Sources */ = {isa = PBXBuildFile; fileRef = 0C6F0A272554857500C2CB14 /* VideoTimelineSoundView.swift */; };
		0C6F0A2F25549FB800C2CB14 /* RootButtonView.swift in Sources */ = {isa = PBXBuildFile; fileRef = 0C6F0A2E25549FB800C2CB14 /* RootButtonView.swift */; };
		0C71E3A425AF88D1005EC445 /* appicon_black_bw@3x.png in Resources */ = {isa = PBXBuildFile; fileRef = 0C71E39E25AF88D0005EC445 /* appicon_black_bw@3x.png */; };
		0C71E3A525AF88D1005EC445 /* appicon_black_bw@2x.png in Resources */ = {isa = PBXBuildFile; fileRef = 0C71E39F25AF88D1005EC445 /* appicon_black_bw@2x.png */; };
		0C71E3A625AF88D1005EC445 /* appicon_white_bw@3x.png in Resources */ = {isa = PBXBuildFile; fileRef = 0C71E3A025AF88D1005EC445 /* appicon_white_bw@3x.png */; };
		0C71E3A725AF88D1005EC445 /* appicon_white_color@2x.png in Resources */ = {isa = PBXBuildFile; fileRef = 0C71E3A125AF88D1005EC445 /* appicon_white_color@2x.png */; };
		0C71E3A825AF88D1005EC445 /* appicon_white_color@3x.png in Resources */ = {isa = PBXBuildFile; fileRef = 0C71E3A225AF88D1005EC445 /* appicon_white_color@3x.png */; };
		0C71E3A925AF88D1005EC445 /* appicon_white_bw@2x.png in Resources */ = {isa = PBXBuildFile; fileRef = 0C71E3A325AF88D1005EC445 /* appicon_white_bw@2x.png */; };
		0C71E3B025AF8F5B005EC445 /* appicon_black_color@3x.png in Resources */ = {isa = PBXBuildFile; fileRef = 0C71E3AF25AF8F5B005EC445 /* appicon_black_color@3x.png */; };
		0C73137B255353E50034D3B1 /* DimmableNavigationController.swift in Sources */ = {isa = PBXBuildFile; fileRef = 0C73137A255353E50034D3B1 /* DimmableNavigationController.swift */; };
		0C8AEFD32546E944005D00E1 /* SettingsViewController.swift in Sources */ = {isa = PBXBuildFile; fileRef = 0C8AEFD22546E944005D00E1 /* SettingsViewController.swift */; };
		0C8AEFD62546E955005D00E1 /* SettingsViewModel.swift in Sources */ = {isa = PBXBuildFile; fileRef = 0C8AEFD52546E955005D00E1 /* SettingsViewModel.swift */; };
		0C8AEFDA2546ED4B005D00E1 /* SettingsTitleTableViewCell.swift in Sources */ = {isa = PBXBuildFile; fileRef = 0C8AEFD92546ED4B005D00E1 /* SettingsTitleTableViewCell.swift */; };
		0C8AEFDD2546EE90005D00E1 /* UITableViewCell+Separator.swift in Sources */ = {isa = PBXBuildFile; fileRef = 0C8AEFDC2546EE90005D00E1 /* UITableViewCell+Separator.swift */; };
		0C8AEFE02546EEC6005D00E1 /* SettingsTitleTableViewCellModel.swift in Sources */ = {isa = PBXBuildFile; fileRef = 0C8AEFDF2546EEC6005D00E1 /* SettingsTitleTableViewCellModel.swift */; };
		0C8AEFE42546F582005D00E1 /* SettingsButtonTableViewCell.swift in Sources */ = {isa = PBXBuildFile; fileRef = 0C8AEFE32546F582005D00E1 /* SettingsButtonTableViewCell.swift */; };
		0C8AEFE72546F5F1005D00E1 /* SettingsButtonTableViewCellModel.swift in Sources */ = {isa = PBXBuildFile; fileRef = 0C8AEFE62546F5F1005D00E1 /* SettingsButtonTableViewCellModel.swift */; };
		0C8AEFEB2546F7FA005D00E1 /* SettingsTipsTableViewCell.swift in Sources */ = {isa = PBXBuildFile; fileRef = 0C8AEFEA2546F7FA005D00E1 /* SettingsTipsTableViewCell.swift */; };
		0C8AEFEE2546F813005D00E1 /* SettingsTipsTableViewCellModel.swift in Sources */ = {isa = PBXBuildFile; fileRef = 0C8AEFED2546F813005D00E1 /* SettingsTipsTableViewCellModel.swift */; };
		0C8AEFF225470C1F005D00E1 /* SettingsIconsTableViewCell.swift in Sources */ = {isa = PBXBuildFile; fileRef = 0C8AEFF125470C1F005D00E1 /* SettingsIconsTableViewCell.swift */; };
		0C8AEFF525470CAC005D00E1 /* SettingsIconsTableViewCellModel.swift in Sources */ = {isa = PBXBuildFile; fileRef = 0C8AEFF425470CAC005D00E1 /* SettingsIconsTableViewCellModel.swift */; };
		0C8AEFF825470DCF005D00E1 /* SettingsIconCollectionViewCell.swift in Sources */ = {isa = PBXBuildFile; fileRef = 0C8AEFF725470DCF005D00E1 /* SettingsIconCollectionViewCell.swift */; };
		0C901C4F2550501C00988CB2 /* NSNotification.Name+CustomNotifications.swift in Sources */ = {isa = PBXBuildFile; fileRef = 0C901C4E2550501C00988CB2 /* NSNotification.Name+CustomNotifications.swift */; };
		0C901C532550641800988CB2 /* VideoTimelineView.swift in Sources */ = {isa = PBXBuildFile; fileRef = 0C901C522550641800988CB2 /* VideoTimelineView.swift */; };
		0C901C682550757F00988CB2 /* UIView+Rendering.swift in Sources */ = {isa = PBXBuildFile; fileRef = 0C901C672550757F00988CB2 /* UIView+Rendering.swift */; };
		0C9FBA7B2542B3160071BFFA /* StorageManager.swift in Sources */ = {isa = PBXBuildFile; fileRef = 0C9FBA7A2542B3160071BFFA /* StorageManager.swift */; };
		0C9FD03D257BD5ED00EA70F1 /* Instructions in Frameworks */ = {isa = PBXBuildFile; productRef = 0C9FD03C257BD5ED00EA70F1 /* Instructions */; };
		0C9FD040257BD6CF00EA70F1 /* SettingsManager.swift in Sources */ = {isa = PBXBuildFile; fileRef = 0C9FD03F257BD6CF00EA70F1 /* SettingsManager.swift */; };
		0CB16BE625B3B01800E6AE81 /* car_crash_3.mp3 in Resources */ = {isa = PBXBuildFile; fileRef = 0CB16BA025B3B01300E6AE81 /* car_crash_3.mp3 */; };
		0CB16BE725B3B01800E6AE81 /* gun_7.mp3 in Resources */ = {isa = PBXBuildFile; fileRef = 0CB16BA125B3B01300E6AE81 /* gun_7.mp3 */; };
		0CB16BE825B3B01800E6AE81 /* digital_1.mp3 in Resources */ = {isa = PBXBuildFile; fileRef = 0CB16BA225B3B01300E6AE81 /* digital_1.mp3 */; };
		0CB16BE925B3B01800E6AE81 /* money_2.mp3 in Resources */ = {isa = PBXBuildFile; fileRef = 0CB16BA325B3B01300E6AE81 /* money_2.mp3 */; };
		0CB16BEA25B3B01800E6AE81 /* popup.mp3 in Resources */ = {isa = PBXBuildFile; fileRef = 0CB16BA425B3B01300E6AE81 /* popup.mp3 */; };
		0CB16BEB25B3B01800E6AE81 /* cartoon_1.mp3 in Resources */ = {isa = PBXBuildFile; fileRef = 0CB16BA525B3B01300E6AE81 /* cartoon_1.mp3 */; };
		0CB16BEC25B3B01800E6AE81 /* ship_horn_1.mp3 in Resources */ = {isa = PBXBuildFile; fileRef = 0CB16BA625B3B01300E6AE81 /* ship_horn_1.mp3 */; };
		0CB16BED25B3B01800E6AE81 /* money_3.mp3 in Resources */ = {isa = PBXBuildFile; fileRef = 0CB16BA725B3B01400E6AE81 /* money_3.mp3 */; };
		0CB16BEE25B3B01800E6AE81 /* siren_5.mp3 in Resources */ = {isa = PBXBuildFile; fileRef = 0CB16BA825B3B01400E6AE81 /* siren_5.mp3 */; };
		0CB16BEF25B3B01800E6AE81 /* car_crash_4.mp3 in Resources */ = {isa = PBXBuildFile; fileRef = 0CB16BA925B3B01400E6AE81 /* car_crash_4.mp3 */; };
		0CB16BF025B3B01800E6AE81 /* gun_4.mp3 in Resources */ = {isa = PBXBuildFile; fileRef = 0CB16BAA25B3B01400E6AE81 /* gun_4.mp3 */; };
		0CB16BF125B3B01800E6AE81 /* gun_3.mp3 in Resources */ = {isa = PBXBuildFile; fileRef = 0CB16BAB25B3B01400E6AE81 /* gun_3.mp3 */; };
		0CB16BF225B3B01800E6AE81 /* photo_1.mp3 in Resources */ = {isa = PBXBuildFile; fileRef = 0CB16BAC25B3B01400E6AE81 /* photo_1.mp3 */; };
		0CB16BF325B3B01800E6AE81 /* swish_3.mp3 in Resources */ = {isa = PBXBuildFile; fileRef = 0CB16BAD25B3B01400E6AE81 /* swish_3.mp3 */; };
		0CB16BF425B3B01800E6AE81 /* gun_2.mp3 in Resources */ = {isa = PBXBuildFile; fileRef = 0CB16BAE25B3B01400E6AE81 /* gun_2.mp3 */; };
		0CB16BF525B3B01800E6AE81 /* car_crash_2.mp3 in Resources */ = {isa = PBXBuildFile; fileRef = 0CB16BAF25B3B01400E6AE81 /* car_crash_2.mp3 */; };
		0CB16BF625B3B01800E6AE81 /* siren_9.mp3 in Resources */ = {isa = PBXBuildFile; fileRef = 0CB16BB025B3B01400E6AE81 /* siren_9.mp3 */; };
		0CB16BF725B3B01800E6AE81 /* beep_025sec.mp3 in Resources */ = {isa = PBXBuildFile; fileRef = 0CB16BB125B3B01400E6AE81 /* beep_025sec.mp3 */; };
		0CB16BF825B3B01800E6AE81 /* sword_3.mp3 in Resources */ = {isa = PBXBuildFile; fileRef = 0CB16BB225B3B01400E6AE81 /* sword_3.mp3 */; };
		0CB16BF925B3B01800E6AE81 /* digital_7.mp3 in Resources */ = {isa = PBXBuildFile; fileRef = 0CB16BB325B3B01400E6AE81 /* digital_7.mp3 */; };
		0CB16BFA25B3B01800E6AE81 /* sword_2.mp3 in Resources */ = {isa = PBXBuildFile; fileRef = 0CB16BB425B3B01400E6AE81 /* sword_2.mp3 */; };
		0CB16BFB25B3B01800E6AE81 /* explosion_3.mp3 in Resources */ = {isa = PBXBuildFile; fileRef = 0CB16BB525B3B01500E6AE81 /* explosion_3.mp3 */; };
		0CB16BFC25B3B01800E6AE81 /* gun_1.mp3 in Resources */ = {isa = PBXBuildFile; fileRef = 0CB16BB625B3B01500E6AE81 /* gun_1.mp3 */; };
		0CB16BFD25B3B01800E6AE81 /* siren_4.mp3 in Resources */ = {isa = PBXBuildFile; fileRef = 0CB16BB725B3B01500E6AE81 /* siren_4.mp3 */; };
		0CB16BFE25B3B01800E6AE81 /* fireworks_1.mp3 in Resources */ = {isa = PBXBuildFile; fileRef = 0CB16BB825B3B01500E6AE81 /* fireworks_1.mp3 */; };
		0CB16BFF25B3B01800E6AE81 /* gun_10.mp3 in Resources */ = {isa = PBXBuildFile; fileRef = 0CB16BB925B3B01500E6AE81 /* gun_10.mp3 */; };
		0CB16C0025B3B01800E6AE81 /* swish_4.mp3 in Resources */ = {isa = PBXBuildFile; fileRef = 0CB16BBA25B3B01500E6AE81 /* swish_4.mp3 */; };
		0CB16C0125B3B01800E6AE81 /* siren_6.mp3 in Resources */ = {isa = PBXBuildFile; fileRef = 0CB16BBB25B3B01500E6AE81 /* siren_6.mp3 */; };
		0CB16C0225B3B01800E6AE81 /* sword_1.mp3 in Resources */ = {isa = PBXBuildFile; fileRef = 0CB16BBC25B3B01500E6AE81 /* sword_1.mp3 */; };
		0CB16C0325B3B01800E6AE81 /* digital_2.mp3 in Resources */ = {isa = PBXBuildFile; fileRef = 0CB16BBD25B3B01500E6AE81 /* digital_2.mp3 */; };
		0CB16C0425B3B01800E6AE81 /* explosion_1.mp3 in Resources */ = {isa = PBXBuildFile; fileRef = 0CB16BBE25B3B01500E6AE81 /* explosion_1.mp3 */; };
		0CB16C0525B3B01800E6AE81 /* digital_3.mp3 in Resources */ = {isa = PBXBuildFile; fileRef = 0CB16BBF25B3B01500E6AE81 /* digital_3.mp3 */; };
		0CB16C0625B3B01800E6AE81 /* gun_9.mp3 in Resources */ = {isa = PBXBuildFile; fileRef = 0CB16BC025B3B01500E6AE81 /* gun_9.mp3 */; };
		0CB16C0725B3B01800E6AE81 /* car_crash_1.mp3 in Resources */ = {isa = PBXBuildFile; fileRef = 0CB16BC125B3B01500E6AE81 /* car_crash_1.mp3 */; };
		0CB16C0825B3B01800E6AE81 /* siren_3.mp3 in Resources */ = {isa = PBXBuildFile; fileRef = 0CB16BC225B3B01500E6AE81 /* siren_3.mp3 */; };
		0CB16C0925B3B01800E6AE81 /* digital_8.mp3 in Resources */ = {isa = PBXBuildFile; fileRef = 0CB16BC325B3B01500E6AE81 /* digital_8.mp3 */; };
		0CB16C0A25B3B01800E6AE81 /* sword_4.mp3 in Resources */ = {isa = PBXBuildFile; fileRef = 0CB16BC425B3B01600E6AE81 /* sword_4.mp3 */; };
		0CB16C0B25B3B01800E6AE81 /* money_1.mp3 in Resources */ = {isa = PBXBuildFile; fileRef = 0CB16BC525B3B01600E6AE81 /* money_1.mp3 */; };
		0CB16C0C25B3B01800E6AE81 /* car_crash_6.mp3 in Resources */ = {isa = PBXBuildFile; fileRef = 0CB16BC625B3B01600E6AE81 /* car_crash_6.mp3 */; };
		0CB16C0D25B3B01800E6AE81 /* money_5.mp3 in Resources */ = {isa = PBXBuildFile; fileRef = 0CB16BC725B3B01600E6AE81 /* money_5.mp3 */; };
		0CB16C0E25B3B01800E6AE81 /* gun_5.mp3 in Resources */ = {isa = PBXBuildFile; fileRef = 0CB16BC825B3B01600E6AE81 /* gun_5.mp3 */; };
		0CB16C0F25B3B01800E6AE81 /* digital_6.mp3 in Resources */ = {isa = PBXBuildFile; fileRef = 0CB16BC925B3B01600E6AE81 /* digital_6.mp3 */; };
		0CB16C1025B3B01800E6AE81 /* siren_10.mp3 in Resources */ = {isa = PBXBuildFile; fileRef = 0CB16BCA25B3B01600E6AE81 /* siren_10.mp3 */; };
		0CB16C1125B3B01800E6AE81 /* swish_1.mp3 in Resources */ = {isa = PBXBuildFile; fileRef = 0CB16BCB25B3B01600E6AE81 /* swish_1.mp3 */; };
		0CB16C1225B3B01800E6AE81 /* siren_7.mp3 in Resources */ = {isa = PBXBuildFile; fileRef = 0CB16BCC25B3B01600E6AE81 /* siren_7.mp3 */; };
		0CB16C1325B3B01800E6AE81 /* money_4.mp3 in Resources */ = {isa = PBXBuildFile; fileRef = 0CB16BCD25B3B01600E6AE81 /* money_4.mp3 */; };
		0CB16C1425B3B01800E6AE81 /* bike_horn_2.mp3 in Resources */ = {isa = PBXBuildFile; fileRef = 0CB16BCE25B3B01600E6AE81 /* bike_horn_2.mp3 */; };
		0CB16C1525B3B01800E6AE81 /* car_fast_breaking_1.mp3 in Resources */ = {isa = PBXBuildFile; fileRef = 0CB16BCF25B3B01600E6AE81 /* car_fast_breaking_1.mp3 */; };
		0CB16C1625B3B01800E6AE81 /* explosion_2.mp3 in Resources */ = {isa = PBXBuildFile; fileRef = 0CB16BD025B3B01600E6AE81 /* explosion_2.mp3 */; };
		0CB16C1725B3B01800E6AE81 /* siren_8.mp3 in Resources */ = {isa = PBXBuildFile; fileRef = 0CB16BD125B3B01600E6AE81 /* siren_8.mp3 */; };
		0CB16C1825B3B01800E6AE81 /* gun_6.mp3 in Resources */ = {isa = PBXBuildFile; fileRef = 0CB16BD225B3B01700E6AE81 /* gun_6.mp3 */; };
		0CB16C1925B3B01800E6AE81 /* beep_05sec.mp3 in Resources */ = {isa = PBXBuildFile; fileRef = 0CB16BD325B3B01700E6AE81 /* beep_05sec.mp3 */; };
		0CB16C1A25B3B01800E6AE81 /* money_6.mp3 in Resources */ = {isa = PBXBuildFile; fileRef = 0CB16BD425B3B01700E6AE81 /* money_6.mp3 */; };
		0CB16C1B25B3B01800E6AE81 /* explosion_5.mp3 in Resources */ = {isa = PBXBuildFile; fileRef = 0CB16BD525B3B01700E6AE81 /* explosion_5.mp3 */; };
		0CB16C1C25B3B01800E6AE81 /* swish_2.mp3 in Resources */ = {isa = PBXBuildFile; fileRef = 0CB16BD625B3B01700E6AE81 /* swish_2.mp3 */; };
		0CB16C1D25B3B01800E6AE81 /* explosion_6.mp3 in Resources */ = {isa = PBXBuildFile; fileRef = 0CB16BD725B3B01700E6AE81 /* explosion_6.mp3 */; };
		0CB16C1E25B3B01800E6AE81 /* explosion_4.mp3 in Resources */ = {isa = PBXBuildFile; fileRef = 0CB16BD825B3B01700E6AE81 /* explosion_4.mp3 */; };
		0CB16C1F25B3B01800E6AE81 /* beep_1sec.mp3 in Resources */ = {isa = PBXBuildFile; fileRef = 0CB16BD925B3B01700E6AE81 /* beep_1sec.mp3 */; };
		0CB16C2025B3B01800E6AE81 /* car_horn_1.mp3 in Resources */ = {isa = PBXBuildFile; fileRef = 0CB16BDA25B3B01700E6AE81 /* car_horn_1.mp3 */; };
		0CB16C2125B3B01800E6AE81 /* car_crash_5.mp3 in Resources */ = {isa = PBXBuildFile; fileRef = 0CB16BDB25B3B01700E6AE81 /* car_crash_5.mp3 */; };
		0CB16C2225B3B01800E6AE81 /* siren_1.mp3 in Resources */ = {isa = PBXBuildFile; fileRef = 0CB16BDC25B3B01700E6AE81 /* siren_1.mp3 */; };
		0CB16C2325B3B01800E6AE81 /* car_fast_breaking_2.mp3 in Resources */ = {isa = PBXBuildFile; fileRef = 0CB16BDD25B3B01700E6AE81 /* car_fast_breaking_2.mp3 */; };
		0CB16C2425B3B01800E6AE81 /* bike_horn_1.mp3 in Resources */ = {isa = PBXBuildFile; fileRef = 0CB16BDE25B3B01700E6AE81 /* bike_horn_1.mp3 */; };
		0CB16C2525B3B01800E6AE81 /* explosion_7.mp3 in Resources */ = {isa = PBXBuildFile; fileRef = 0CB16BDF25B3B01700E6AE81 /* explosion_7.mp3 */; };
		0CB16C2625B3B01800E6AE81 /* digital_4.mp3 in Resources */ = {isa = PBXBuildFile; fileRef = 0CB16BE025B3B01700E6AE81 /* digital_4.mp3 */; };
		0CB16C2725B3B01800E6AE81 /* beep_2sec.mp3 in Resources */ = {isa = PBXBuildFile; fileRef = 0CB16BE125B3B01800E6AE81 /* beep_2sec.mp3 */; };
		0CB16C2825B3B01800E6AE81 /* car_horn_2.mp3 in Resources */ = {isa = PBXBuildFile; fileRef = 0CB16BE225B3B01800E6AE81 /* car_horn_2.mp3 */; };
		0CB16C2925B3B01800E6AE81 /* siren_2.mp3 in Resources */ = {isa = PBXBuildFile; fileRef = 0CB16BE325B3B01800E6AE81 /* siren_2.mp3 */; };
		0CB16C2A25B3B01800E6AE81 /* digital_5.mp3 in Resources */ = {isa = PBXBuildFile; fileRef = 0CB16BE425B3B01800E6AE81 /* digital_5.mp3 */; };
		0CB16C2B25B3B01800E6AE81 /* gun_8.mp3 in Resources */ = {isa = PBXBuildFile; fileRef = 0CB16BE525B3B01800E6AE81 /* gun_8.mp3 */; };
		0CB16C2E25B3B14500E6AE81 /* sounds.json in Resources */ = {isa = PBXBuildFile; fileRef = 0CB16C2D25B3B14500E6AE81 /* sounds.json */; };
		0CBD02832550A03E007388D7 /* EditorButtonCollectionViewCell.swift in Sources */ = {isa = PBXBuildFile; fileRef = 0CBD02822550A03E007388D7 /* EditorButtonCollectionViewCell.swift */; };
		0CBD02892550A054007388D7 /* EditorButtonCollectionViewCellModel.swift in Sources */ = {isa = PBXBuildFile; fileRef = 0CBD02882550A054007388D7 /* EditorButtonCollectionViewCellModel.swift */; };
		0CE7EA7C2550A36A00C220D6 /* String+Size.swift in Sources */ = {isa = PBXBuildFile; fileRef = 0CE7EA7B2550A36A00C220D6 /* String+Size.swift */; };
		4FBB3CDA19C8A054D84DFBCA /* Pods_censor.framework in Frameworks */ = {isa = PBXBuildFile; fileRef = 7216592FE00D6B626C62B183 /* Pods_censor.framework */; };
/* End PBXBuildFile section */

/* Begin PBXFileReference section */
		022FA00B4C414E407DFAD167 /* Pods-censor.release.xcconfig */ = {isa = PBXFileReference; includeInIndex = 1; lastKnownFileType = text.xcconfig; name = "Pods-censor.release.xcconfig"; path = "Target Support Files/Pods-censor/Pods-censor.release.xcconfig"; sourceTree = "<group>"; };
		0C0351822545FA5A00BC3461 /* SoundSelectorViewController.swift */ = {isa = PBXFileReference; lastKnownFileType = sourcecode.swift; path = SoundSelectorViewController.swift; sourceTree = "<group>"; };
		0C0351852545FA6800BC3461 /* SoundSelectorViewModel.swift */ = {isa = PBXFileReference; lastKnownFileType = sourcecode.swift; path = SoundSelectorViewModel.swift; sourceTree = "<group>"; };
		0C03518825460C9F00BC3461 /* SoundSelectorTableViewCell.swift */ = {isa = PBXFileReference; lastKnownFileType = sourcecode.swift; path = SoundSelectorTableViewCell.swift; sourceTree = "<group>"; };
		0C09B49725C1BDE500E8BDCB /* AudioModeSelectorViewController.swift */ = {isa = PBXFileReference; lastKnownFileType = sourcecode.swift; path = AudioModeSelectorViewController.swift; sourceTree = "<group>"; };
		0C09B49B25C1BDF500E8BDCB /* AudioModeSelectorViewModel.swift */ = {isa = PBXFileReference; lastKnownFileType = sourcecode.swift; path = AudioModeSelectorViewModel.swift; sourceTree = "<group>"; };
		0C2913FF25403374009BDB52 /* ProjectListViewController.swift */ = {isa = PBXFileReference; lastKnownFileType = sourcecode.swift; path = ProjectListViewController.swift; sourceTree = "<group>"; };
		0C29140325403398009BDB52 /* ProjectListViewModel.swift */ = {isa = PBXFileReference; lastKnownFileType = sourcecode.swift; path = ProjectListViewModel.swift; sourceTree = "<group>"; };
		0C2914062540375D009BDB52 /* ProjectListTableViewCell.swift */ = {isa = PBXFileReference; lastKnownFileType = sourcecode.swift; path = ProjectListTableViewCell.swift; sourceTree = "<group>"; };
		0C291409254038E5009BDB52 /* Project.swift */ = {isa = PBXFileReference; lastKnownFileType = sourcecode.swift; path = Project.swift; sourceTree = "<group>"; };
		0C29140C25403D47009BDB52 /* UINavigationController+CompletionHandler.swift */ = {isa = PBXFileReference; lastKnownFileType = sourcecode.swift; path = "UINavigationController+CompletionHandler.swift"; sourceTree = "<group>"; };
		0C29140F25403FB7009BDB52 /* UIViewController+Alerts.swift */ = {isa = PBXFileReference; lastKnownFileType = sourcecode.swift; path = "UIViewController+Alerts.swift"; sourceTree = "<group>"; };
		0C29141225405906009BDB52 /* Sound.swift */ = {isa = PBXFileReference; lastKnownFileType = sourcecode.swift; path = Sound.swift; sourceTree = "<group>"; };
		0C29141D254087B8009BDB52 /* SoundManager.swift */ = {isa = PBXFileReference; lastKnownFileType = sourcecode.swift; path = SoundManager.swift; sourceTree = "<group>"; };
		0C2914212540A2AE009BDB52 /* Double+Rounding.swift */ = {isa = PBXFileReference; lastKnownFileType = sourcecode.swift; path = "Double+Rounding.swift"; sourceTree = "<group>"; };
		0C2914242540A569009BDB52 /* VideoRenderer.swift */ = {isa = PBXFileReference; lastKnownFileType = sourcecode.swift; path = VideoRenderer.swift; sourceTree = "<group>"; };
		0C2B1ADE25BECA4D00D50E9F /* IAPManager.swift */ = {isa = PBXFileReference; lastKnownFileType = sourcecode.swift; path = IAPManager.swift; sourceTree = "<group>"; };
		0C2BFF06253F35CB00ED700D /* censor.app */ = {isa = PBXFileReference; explicitFileType = wrapper.application; includeInIndex = 0; path = censor.app; sourceTree = BUILT_PRODUCTS_DIR; };
		0C2BFF09253F35CB00ED700D /* AppDelegate.swift */ = {isa = PBXFileReference; lastKnownFileType = sourcecode.swift; path = AppDelegate.swift; sourceTree = "<group>"; };
		0C2BFF12253F35CC00ED700D /* Assets.xcassets */ = {isa = PBXFileReference; lastKnownFileType = folder.assetcatalog; path = Assets.xcassets; sourceTree = "<group>"; };
		0C2BFF15253F35CC00ED700D /* Base */ = {isa = PBXFileReference; lastKnownFileType = file.storyboard; name = Base; path = Base.lproj/LaunchScreen.storyboard; sourceTree = "<group>"; };
		0C2BFF17253F35CC00ED700D /* Info.plist */ = {isa = PBXFileReference; lastKnownFileType = text.plist.xml; path = Info.plist; sourceTree = "<group>"; };
		0C2BFF21253F36CC00ED700D /* RootViewController.swift */ = {isa = PBXFileReference; lastKnownFileType = sourcecode.swift; path = RootViewController.swift; sourceTree = "<group>"; };
		0C2BFF28253F385400ED700D /* UIViewController+NavigaionController.swift */ = {isa = PBXFileReference; lastKnownFileType = sourcecode.swift; path = "UIViewController+NavigaionController.swift"; sourceTree = "<group>"; };
		0C2BFF2C253F3A5500ED700D /* RootViewModel.swift */ = {isa = PBXFileReference; lastKnownFileType = sourcecode.swift; path = RootViewModel.swift; sourceTree = "<group>"; };
		0C2BFF30253F43AB00ED700D /* EditorViewController.swift */ = {isa = PBXFileReference; lastKnownFileType = sourcecode.swift; path = EditorViewController.swift; sourceTree = "<group>"; };
		0C2BFF34253F43F000ED700D /* EditorViewModel.swift */ = {isa = PBXFileReference; lastKnownFileType = sourcecode.swift; path = EditorViewModel.swift; sourceTree = "<group>"; };
		0C5CE6A725C29D87003B34A3 /* LocalizeSystem.swift */ = {isa = PBXFileReference; lastKnownFileType = sourcecode.swift; path = LocalizeSystem.swift; sourceTree = "<group>"; };
		0C5CE6AE25C2A11C003B34A3 /* en */ = {isa = PBXFileReference; lastKnownFileType = text.plist.strings; name = en; path = en.lproj/Localizable.strings; sourceTree = "<group>"; };
		0C63D8DC25C5D0FB00979443 /* SettingsLanguageTableViewCell.swift */ = {isa = PBXFileReference; lastKnownFileType = sourcecode.swift; path = SettingsLanguageTableViewCell.swift; sourceTree = "<group>"; };
		0C63D8E025C5D28100979443 /* SettingsLanguageTableViewCellModel.swift */ = {isa = PBXFileReference; lastKnownFileType = sourcecode.swift; path = SettingsLanguageTableViewCellModel.swift; sourceTree = "<group>"; };
		0C63D8E425C5D58300979443 /* LanguageListViewController.swift */ = {isa = PBXFileReference; lastKnownFileType = sourcecode.swift; path = LanguageListViewController.swift; sourceTree = "<group>"; };
		0C63D8E725C5D5CC00979443 /* LanguageListViewModel.swift */ = {isa = PBXFileReference; lastKnownFileType = sourcecode.swift; path = LanguageListViewModel.swift; sourceTree = "<group>"; };
		0C63D8EA25C5D81200979443 /* LanguageListTableViewCell.swift */ = {isa = PBXFileReference; lastKnownFileType = sourcecode.swift; path = LanguageListTableViewCell.swift; sourceTree = "<group>"; };
		0C63D8ED25C5E18F00979443 /* CensorViewController.swift */ = {isa = PBXFileReference; lastKnownFileType = sourcecode.swift; path = CensorViewController.swift; sourceTree = "<group>"; };
		0C6904A425449D920096E323 /* DateHelper.swift */ = {isa = PBXFileReference; lastKnownFileType = sourcecode.swift; path = DateHelper.swift; sourceTree = "<group>"; };
		0C6F0A242554771F00C2CB14 /* ColorManager.swift */ = {isa = PBXFileReference; lastKnownFileType = sourcecode.swift; path = ColorManager.swift; sourceTree = "<group>"; };
		0C6F0A272554857500C2CB14 /* VideoTimelineSoundView.swift */ = {isa = PBXFileReference; lastKnownFileType = sourcecode.swift; path = VideoTimelineSoundView.swift; sourceTree = "<group>"; };
		0C6F0A2E25549FB800C2CB14 /* RootButtonView.swift */ = {isa = PBXFileReference; lastKnownFileType = sourcecode.swift; path = RootButtonView.swift; sourceTree = "<group>"; };
		0C71E39E25AF88D0005EC445 /* appicon_black_bw@3x.png */ = {isa = PBXFileReference; lastKnownFileType = image.png; path = "appicon_black_bw@3x.png"; sourceTree = "<group>"; };
		0C71E39F25AF88D1005EC445 /* appicon_black_bw@2x.png */ = {isa = PBXFileReference; lastKnownFileType = image.png; path = "appicon_black_bw@2x.png"; sourceTree = "<group>"; };
		0C71E3A025AF88D1005EC445 /* appicon_white_bw@3x.png */ = {isa = PBXFileReference; lastKnownFileType = image.png; path = "appicon_white_bw@3x.png"; sourceTree = "<group>"; };
		0C71E3A125AF88D1005EC445 /* appicon_white_color@2x.png */ = {isa = PBXFileReference; lastKnownFileType = image.png; path = "appicon_white_color@2x.png"; sourceTree = "<group>"; };
		0C71E3A225AF88D1005EC445 /* appicon_white_color@3x.png */ = {isa = PBXFileReference; lastKnownFileType = image.png; path = "appicon_white_color@3x.png"; sourceTree = "<group>"; };
		0C71E3A325AF88D1005EC445 /* appicon_white_bw@2x.png */ = {isa = PBXFileReference; lastKnownFileType = image.png; path = "appicon_white_bw@2x.png"; sourceTree = "<group>"; };
		0C71E3AF25AF8F5B005EC445 /* appicon_black_color@3x.png */ = {isa = PBXFileReference; lastKnownFileType = image.png; path = "appicon_black_color@3x.png"; sourceTree = "<group>"; };
		0C73137A255353E50034D3B1 /* DimmableNavigationController.swift */ = {isa = PBXFileReference; lastKnownFileType = sourcecode.swift; path = DimmableNavigationController.swift; sourceTree = "<group>"; };
		0C7B44A925C4A84600B91C1B /* ru */ = {isa = PBXFileReference; lastKnownFileType = text.plist.strings; name = ru; path = ru.lproj/Localizable.strings; sourceTree = "<group>"; };
		0C8AEFD22546E944005D00E1 /* SettingsViewController.swift */ = {isa = PBXFileReference; lastKnownFileType = sourcecode.swift; path = SettingsViewController.swift; sourceTree = "<group>"; };
		0C8AEFD52546E955005D00E1 /* SettingsViewModel.swift */ = {isa = PBXFileReference; lastKnownFileType = sourcecode.swift; path = SettingsViewModel.swift; sourceTree = "<group>"; };
		0C8AEFD92546ED4B005D00E1 /* SettingsTitleTableViewCell.swift */ = {isa = PBXFileReference; lastKnownFileType = sourcecode.swift; path = SettingsTitleTableViewCell.swift; sourceTree = "<group>"; };
		0C8AEFDC2546EE90005D00E1 /* UITableViewCell+Separator.swift */ = {isa = PBXFileReference; lastKnownFileType = sourcecode.swift; path = "UITableViewCell+Separator.swift"; sourceTree = "<group>"; };
		0C8AEFDF2546EEC6005D00E1 /* SettingsTitleTableViewCellModel.swift */ = {isa = PBXFileReference; lastKnownFileType = sourcecode.swift; path = SettingsTitleTableViewCellModel.swift; sourceTree = "<group>"; };
		0C8AEFE32546F582005D00E1 /* SettingsButtonTableViewCell.swift */ = {isa = PBXFileReference; lastKnownFileType = sourcecode.swift; path = SettingsButtonTableViewCell.swift; sourceTree = "<group>"; };
		0C8AEFE62546F5F1005D00E1 /* SettingsButtonTableViewCellModel.swift */ = {isa = PBXFileReference; lastKnownFileType = sourcecode.swift; path = SettingsButtonTableViewCellModel.swift; sourceTree = "<group>"; };
		0C8AEFEA2546F7FA005D00E1 /* SettingsTipsTableViewCell.swift */ = {isa = PBXFileReference; lastKnownFileType = sourcecode.swift; path = SettingsTipsTableViewCell.swift; sourceTree = "<group>"; };
		0C8AEFED2546F813005D00E1 /* SettingsTipsTableViewCellModel.swift */ = {isa = PBXFileReference; lastKnownFileType = sourcecode.swift; path = SettingsTipsTableViewCellModel.swift; sourceTree = "<group>"; };
		0C8AEFF125470C1F005D00E1 /* SettingsIconsTableViewCell.swift */ = {isa = PBXFileReference; lastKnownFileType = sourcecode.swift; path = SettingsIconsTableViewCell.swift; sourceTree = "<group>"; };
		0C8AEFF425470CAC005D00E1 /* SettingsIconsTableViewCellModel.swift */ = {isa = PBXFileReference; lastKnownFileType = sourcecode.swift; path = SettingsIconsTableViewCellModel.swift; sourceTree = "<group>"; };
		0C8AEFF725470DCF005D00E1 /* SettingsIconCollectionViewCell.swift */ = {isa = PBXFileReference; lastKnownFileType = sourcecode.swift; path = SettingsIconCollectionViewCell.swift; sourceTree = "<group>"; };
		0C901C4E2550501C00988CB2 /* NSNotification.Name+CustomNotifications.swift */ = {isa = PBXFileReference; lastKnownFileType = sourcecode.swift; path = "NSNotification.Name+CustomNotifications.swift"; sourceTree = "<group>"; };
		0C901C522550641800988CB2 /* VideoTimelineView.swift */ = {isa = PBXFileReference; lastKnownFileType = sourcecode.swift; path = VideoTimelineView.swift; sourceTree = "<group>"; };
		0C901C672550757F00988CB2 /* UIView+Rendering.swift */ = {isa = PBXFileReference; lastKnownFileType = sourcecode.swift; path = "UIView+Rendering.swift"; sourceTree = "<group>"; };
		0C9FBA7A2542B3160071BFFA /* StorageManager.swift */ = {isa = PBXFileReference; lastKnownFileType = sourcecode.swift; path = StorageManager.swift; sourceTree = "<group>"; };
		0C9FD03F257BD6CF00EA70F1 /* SettingsManager.swift */ = {isa = PBXFileReference; lastKnownFileType = sourcecode.swift; path = SettingsManager.swift; sourceTree = "<group>"; };
		0CB16BA025B3B01300E6AE81 /* car_crash_3.mp3 */ = {isa = PBXFileReference; lastKnownFileType = audio.mp3; path = car_crash_3.mp3; sourceTree = "<group>"; };
		0CB16BA125B3B01300E6AE81 /* gun_7.mp3 */ = {isa = PBXFileReference; lastKnownFileType = audio.mp3; path = gun_7.mp3; sourceTree = "<group>"; };
		0CB16BA225B3B01300E6AE81 /* digital_1.mp3 */ = {isa = PBXFileReference; lastKnownFileType = audio.mp3; path = digital_1.mp3; sourceTree = "<group>"; };
		0CB16BA325B3B01300E6AE81 /* money_2.mp3 */ = {isa = PBXFileReference; lastKnownFileType = audio.mp3; path = money_2.mp3; sourceTree = "<group>"; };
		0CB16BA425B3B01300E6AE81 /* popup.mp3 */ = {isa = PBXFileReference; lastKnownFileType = audio.mp3; path = popup.mp3; sourceTree = "<group>"; };
		0CB16BA525B3B01300E6AE81 /* cartoon_1.mp3 */ = {isa = PBXFileReference; lastKnownFileType = audio.mp3; path = cartoon_1.mp3; sourceTree = "<group>"; };
		0CB16BA625B3B01300E6AE81 /* ship_horn_1.mp3 */ = {isa = PBXFileReference; lastKnownFileType = audio.mp3; path = ship_horn_1.mp3; sourceTree = "<group>"; };
		0CB16BA725B3B01400E6AE81 /* money_3.mp3 */ = {isa = PBXFileReference; lastKnownFileType = audio.mp3; path = money_3.mp3; sourceTree = "<group>"; };
		0CB16BA825B3B01400E6AE81 /* siren_5.mp3 */ = {isa = PBXFileReference; lastKnownFileType = audio.mp3; path = siren_5.mp3; sourceTree = "<group>"; };
		0CB16BA925B3B01400E6AE81 /* car_crash_4.mp3 */ = {isa = PBXFileReference; lastKnownFileType = audio.mp3; path = car_crash_4.mp3; sourceTree = "<group>"; };
		0CB16BAA25B3B01400E6AE81 /* gun_4.mp3 */ = {isa = PBXFileReference; lastKnownFileType = audio.mp3; path = gun_4.mp3; sourceTree = "<group>"; };
		0CB16BAB25B3B01400E6AE81 /* gun_3.mp3 */ = {isa = PBXFileReference; lastKnownFileType = audio.mp3; path = gun_3.mp3; sourceTree = "<group>"; };
		0CB16BAC25B3B01400E6AE81 /* photo_1.mp3 */ = {isa = PBXFileReference; lastKnownFileType = audio.mp3; path = photo_1.mp3; sourceTree = "<group>"; };
		0CB16BAD25B3B01400E6AE81 /* swish_3.mp3 */ = {isa = PBXFileReference; lastKnownFileType = audio.mp3; path = swish_3.mp3; sourceTree = "<group>"; };
		0CB16BAE25B3B01400E6AE81 /* gun_2.mp3 */ = {isa = PBXFileReference; lastKnownFileType = audio.mp3; path = gun_2.mp3; sourceTree = "<group>"; };
		0CB16BAF25B3B01400E6AE81 /* car_crash_2.mp3 */ = {isa = PBXFileReference; lastKnownFileType = audio.mp3; path = car_crash_2.mp3; sourceTree = "<group>"; };
		0CB16BB025B3B01400E6AE81 /* siren_9.mp3 */ = {isa = PBXFileReference; lastKnownFileType = audio.mp3; path = siren_9.mp3; sourceTree = "<group>"; };
		0CB16BB125B3B01400E6AE81 /* beep_025sec.mp3 */ = {isa = PBXFileReference; lastKnownFileType = audio.mp3; path = beep_025sec.mp3; sourceTree = "<group>"; };
		0CB16BB225B3B01400E6AE81 /* sword_3.mp3 */ = {isa = PBXFileReference; lastKnownFileType = audio.mp3; path = sword_3.mp3; sourceTree = "<group>"; };
		0CB16BB325B3B01400E6AE81 /* digital_7.mp3 */ = {isa = PBXFileReference; lastKnownFileType = audio.mp3; path = digital_7.mp3; sourceTree = "<group>"; };
		0CB16BB425B3B01400E6AE81 /* sword_2.mp3 */ = {isa = PBXFileReference; lastKnownFileType = audio.mp3; path = sword_2.mp3; sourceTree = "<group>"; };
		0CB16BB525B3B01500E6AE81 /* explosion_3.mp3 */ = {isa = PBXFileReference; lastKnownFileType = audio.mp3; path = explosion_3.mp3; sourceTree = "<group>"; };
		0CB16BB625B3B01500E6AE81 /* gun_1.mp3 */ = {isa = PBXFileReference; lastKnownFileType = audio.mp3; path = gun_1.mp3; sourceTree = "<group>"; };
		0CB16BB725B3B01500E6AE81 /* siren_4.mp3 */ = {isa = PBXFileReference; lastKnownFileType = audio.mp3; path = siren_4.mp3; sourceTree = "<group>"; };
		0CB16BB825B3B01500E6AE81 /* fireworks_1.mp3 */ = {isa = PBXFileReference; lastKnownFileType = audio.mp3; path = fireworks_1.mp3; sourceTree = "<group>"; };
		0CB16BB925B3B01500E6AE81 /* gun_10.mp3 */ = {isa = PBXFileReference; lastKnownFileType = audio.mp3; path = gun_10.mp3; sourceTree = "<group>"; };
		0CB16BBA25B3B01500E6AE81 /* swish_4.mp3 */ = {isa = PBXFileReference; lastKnownFileType = audio.mp3; path = swish_4.mp3; sourceTree = "<group>"; };
		0CB16BBB25B3B01500E6AE81 /* siren_6.mp3 */ = {isa = PBXFileReference; lastKnownFileType = audio.mp3; path = siren_6.mp3; sourceTree = "<group>"; };
		0CB16BBC25B3B01500E6AE81 /* sword_1.mp3 */ = {isa = PBXFileReference; lastKnownFileType = audio.mp3; path = sword_1.mp3; sourceTree = "<group>"; };
		0CB16BBD25B3B01500E6AE81 /* digital_2.mp3 */ = {isa = PBXFileReference; lastKnownFileType = audio.mp3; path = digital_2.mp3; sourceTree = "<group>"; };
		0CB16BBE25B3B01500E6AE81 /* explosion_1.mp3 */ = {isa = PBXFileReference; lastKnownFileType = audio.mp3; path = explosion_1.mp3; sourceTree = "<group>"; };
		0CB16BBF25B3B01500E6AE81 /* digital_3.mp3 */ = {isa = PBXFileReference; lastKnownFileType = audio.mp3; path = digital_3.mp3; sourceTree = "<group>"; };
		0CB16BC025B3B01500E6AE81 /* gun_9.mp3 */ = {isa = PBXFileReference; lastKnownFileType = audio.mp3; path = gun_9.mp3; sourceTree = "<group>"; };
		0CB16BC125B3B01500E6AE81 /* car_crash_1.mp3 */ = {isa = PBXFileReference; lastKnownFileType = audio.mp3; path = car_crash_1.mp3; sourceTree = "<group>"; };
		0CB16BC225B3B01500E6AE81 /* siren_3.mp3 */ = {isa = PBXFileReference; lastKnownFileType = audio.mp3; path = siren_3.mp3; sourceTree = "<group>"; };
		0CB16BC325B3B01500E6AE81 /* digital_8.mp3 */ = {isa = PBXFileReference; lastKnownFileType = audio.mp3; path = digital_8.mp3; sourceTree = "<group>"; };
		0CB16BC425B3B01600E6AE81 /* sword_4.mp3 */ = {isa = PBXFileReference; lastKnownFileType = audio.mp3; path = sword_4.mp3; sourceTree = "<group>"; };
		0CB16BC525B3B01600E6AE81 /* money_1.mp3 */ = {isa = PBXFileReference; lastKnownFileType = audio.mp3; path = money_1.mp3; sourceTree = "<group>"; };
		0CB16BC625B3B01600E6AE81 /* car_crash_6.mp3 */ = {isa = PBXFileReference; lastKnownFileType = audio.mp3; path = car_crash_6.mp3; sourceTree = "<group>"; };
		0CB16BC725B3B01600E6AE81 /* money_5.mp3 */ = {isa = PBXFileReference; lastKnownFileType = audio.mp3; path = money_5.mp3; sourceTree = "<group>"; };
		0CB16BC825B3B01600E6AE81 /* gun_5.mp3 */ = {isa = PBXFileReference; lastKnownFileType = audio.mp3; path = gun_5.mp3; sourceTree = "<group>"; };
		0CB16BC925B3B01600E6AE81 /* digital_6.mp3 */ = {isa = PBXFileReference; lastKnownFileType = audio.mp3; path = digital_6.mp3; sourceTree = "<group>"; };
		0CB16BCA25B3B01600E6AE81 /* siren_10.mp3 */ = {isa = PBXFileReference; lastKnownFileType = audio.mp3; path = siren_10.mp3; sourceTree = "<group>"; };
		0CB16BCB25B3B01600E6AE81 /* swish_1.mp3 */ = {isa = PBXFileReference; lastKnownFileType = audio.mp3; path = swish_1.mp3; sourceTree = "<group>"; };
		0CB16BCC25B3B01600E6AE81 /* siren_7.mp3 */ = {isa = PBXFileReference; lastKnownFileType = audio.mp3; path = siren_7.mp3; sourceTree = "<group>"; };
		0CB16BCD25B3B01600E6AE81 /* money_4.mp3 */ = {isa = PBXFileReference; lastKnownFileType = audio.mp3; path = money_4.mp3; sourceTree = "<group>"; };
		0CB16BCE25B3B01600E6AE81 /* bike_horn_2.mp3 */ = {isa = PBXFileReference; lastKnownFileType = audio.mp3; path = bike_horn_2.mp3; sourceTree = "<group>"; };
		0CB16BCF25B3B01600E6AE81 /* car_fast_breaking_1.mp3 */ = {isa = PBXFileReference; lastKnownFileType = audio.mp3; path = car_fast_breaking_1.mp3; sourceTree = "<group>"; };
		0CB16BD025B3B01600E6AE81 /* explosion_2.mp3 */ = {isa = PBXFileReference; lastKnownFileType = audio.mp3; path = explosion_2.mp3; sourceTree = "<group>"; };
		0CB16BD125B3B01600E6AE81 /* siren_8.mp3 */ = {isa = PBXFileReference; lastKnownFileType = audio.mp3; path = siren_8.mp3; sourceTree = "<group>"; };
		0CB16BD225B3B01700E6AE81 /* gun_6.mp3 */ = {isa = PBXFileReference; lastKnownFileType = audio.mp3; path = gun_6.mp3; sourceTree = "<group>"; };
		0CB16BD325B3B01700E6AE81 /* beep_05sec.mp3 */ = {isa = PBXFileReference; lastKnownFileType = audio.mp3; path = beep_05sec.mp3; sourceTree = "<group>"; };
		0CB16BD425B3B01700E6AE81 /* money_6.mp3 */ = {isa = PBXFileReference; lastKnownFileType = audio.mp3; path = money_6.mp3; sourceTree = "<group>"; };
		0CB16BD525B3B01700E6AE81 /* explosion_5.mp3 */ = {isa = PBXFileReference; lastKnownFileType = audio.mp3; path = explosion_5.mp3; sourceTree = "<group>"; };
		0CB16BD625B3B01700E6AE81 /* swish_2.mp3 */ = {isa = PBXFileReference; lastKnownFileType = audio.mp3; path = swish_2.mp3; sourceTree = "<group>"; };
		0CB16BD725B3B01700E6AE81 /* explosion_6.mp3 */ = {isa = PBXFileReference; lastKnownFileType = audio.mp3; path = explosion_6.mp3; sourceTree = "<group>"; };
		0CB16BD825B3B01700E6AE81 /* explosion_4.mp3 */ = {isa = PBXFileReference; lastKnownFileType = audio.mp3; path = explosion_4.mp3; sourceTree = "<group>"; };
		0CB16BD925B3B01700E6AE81 /* beep_1sec.mp3 */ = {isa = PBXFileReference; lastKnownFileType = audio.mp3; path = beep_1sec.mp3; sourceTree = "<group>"; };
		0CB16BDA25B3B01700E6AE81 /* car_horn_1.mp3 */ = {isa = PBXFileReference; lastKnownFileType = audio.mp3; path = car_horn_1.mp3; sourceTree = "<group>"; };
		0CB16BDB25B3B01700E6AE81 /* car_crash_5.mp3 */ = {isa = PBXFileReference; lastKnownFileType = audio.mp3; path = car_crash_5.mp3; sourceTree = "<group>"; };
		0CB16BDC25B3B01700E6AE81 /* siren_1.mp3 */ = {isa = PBXFileReference; lastKnownFileType = audio.mp3; path = siren_1.mp3; sourceTree = "<group>"; };
		0CB16BDD25B3B01700E6AE81 /* car_fast_breaking_2.mp3 */ = {isa = PBXFileReference; lastKnownFileType = audio.mp3; path = car_fast_breaking_2.mp3; sourceTree = "<group>"; };
		0CB16BDE25B3B01700E6AE81 /* bike_horn_1.mp3 */ = {isa = PBXFileReference; lastKnownFileType = audio.mp3; path = bike_horn_1.mp3; sourceTree = "<group>"; };
		0CB16BDF25B3B01700E6AE81 /* explosion_7.mp3 */ = {isa = PBXFileReference; lastKnownFileType = audio.mp3; path = explosion_7.mp3; sourceTree = "<group>"; };
		0CB16BE025B3B01700E6AE81 /* digital_4.mp3 */ = {isa = PBXFileReference; lastKnownFileType = audio.mp3; path = digital_4.mp3; sourceTree = "<group>"; };
		0CB16BE125B3B01800E6AE81 /* beep_2sec.mp3 */ = {isa = PBXFileReference; lastKnownFileType = audio.mp3; path = beep_2sec.mp3; sourceTree = "<group>"; };
		0CB16BE225B3B01800E6AE81 /* car_horn_2.mp3 */ = {isa = PBXFileReference; lastKnownFileType = audio.mp3; path = car_horn_2.mp3; sourceTree = "<group>"; };
		0CB16BE325B3B01800E6AE81 /* siren_2.mp3 */ = {isa = PBXFileReference; lastKnownFileType = audio.mp3; path = siren_2.mp3; sourceTree = "<group>"; };
		0CB16BE425B3B01800E6AE81 /* digital_5.mp3 */ = {isa = PBXFileReference; lastKnownFileType = audio.mp3; path = digital_5.mp3; sourceTree = "<group>"; };
		0CB16BE525B3B01800E6AE81 /* gun_8.mp3 */ = {isa = PBXFileReference; lastKnownFileType = audio.mp3; path = gun_8.mp3; sourceTree = "<group>"; };
		0CB16C2D25B3B14500E6AE81 /* sounds.json */ = {isa = PBXFileReference; fileEncoding = 4; lastKnownFileType = text.json; path = sounds.json; sourceTree = "<group>"; };
		0CBD02822550A03E007388D7 /* EditorButtonCollectionViewCell.swift */ = {isa = PBXFileReference; lastKnownFileType = sourcecode.swift; path = EditorButtonCollectionViewCell.swift; sourceTree = "<group>"; };
		0CBD02882550A054007388D7 /* EditorButtonCollectionViewCellModel.swift */ = {isa = PBXFileReference; lastKnownFileType = sourcecode.swift; path = EditorButtonCollectionViewCellModel.swift; sourceTree = "<group>"; };
		0CE7EA7B2550A36A00C220D6 /* String+Size.swift */ = {isa = PBXFileReference; lastKnownFileType = sourcecode.swift; path = "String+Size.swift"; sourceTree = "<group>"; };
		7216592FE00D6B626C62B183 /* Pods_censor.framework */ = {isa = PBXFileReference; explicitFileType = wrapper.framework; includeInIndex = 0; path = Pods_censor.framework; sourceTree = BUILT_PRODUCTS_DIR; };
		981747B89FD9E939F58A88A8 /* Pods-censor.debug.xcconfig */ = {isa = PBXFileReference; includeInIndex = 1; lastKnownFileType = text.xcconfig; name = "Pods-censor.debug.xcconfig"; path = "Target Support Files/Pods-censor/Pods-censor.debug.xcconfig"; sourceTree = "<group>"; };
/* End PBXFileReference section */

/* Begin PBXFrameworksBuildPhase section */
		0C2BFF03253F35CB00ED700D /* Frameworks */ = {
			isa = PBXFrameworksBuildPhase;
			buildActionMask = 2147483647;
			files = (
				0C9FD03D257BD5ED00EA70F1 /* Instructions in Frameworks */,
				4FBB3CDA19C8A054D84DFBCA /* Pods_censor.framework in Frameworks */,
			);
			runOnlyForDeploymentPostprocessing = 0;
		};
/* End PBXFrameworksBuildPhase section */

/* Begin PBXGroup section */
		0C0351812545FA4500BC3461 /* SoundSelectorViewController */ = {
			isa = PBXGroup;
			children = (
				0C0351822545FA5A00BC3461 /* SoundSelectorViewController.swift */,
				0C0351852545FA6800BC3461 /* SoundSelectorViewModel.swift */,
				0C03518825460C9F00BC3461 /* SoundSelectorTableViewCell.swift */,
			);
			path = SoundSelectorViewController;
			sourceTree = "<group>";
		};
		0C09B49525C1BDD300E8BDCB /* AudioModeSelectorViewController */ = {
			isa = PBXGroup;
			children = (
				0C09B49725C1BDE500E8BDCB /* AudioModeSelectorViewController.swift */,
				0C09B49B25C1BDF500E8BDCB /* AudioModeSelectorViewModel.swift */,
			);
			path = AudioModeSelectorViewController;
			sourceTree = "<group>";
		};
		0C2913FE25403364009BDB52 /* ProjectListViewController */ = {
			isa = PBXGroup;
			children = (
				0C2913FF25403374009BDB52 /* ProjectListViewController.swift */,
				0C29140325403398009BDB52 /* ProjectListViewModel.swift */,
				0C2914062540375D009BDB52 /* ProjectListTableViewCell.swift */,
			);
			path = ProjectListViewController;
			sourceTree = "<group>";
		};
		0C29141525408780009BDB52 /* Resources */ = {
			isa = PBXGroup;
			children = (
				0C71E39D25AF884B005EC445 /* AppIcons */,
				0C29141625408786009BDB52 /* Sounds */,
				0C5CE6AF25C2A11C003B34A3 /* Localizable.strings */,
			);
			path = Resources;
			sourceTree = "<group>";
		};
		0C29141625408786009BDB52 /* Sounds */ = {
			isa = PBXGroup;
			children = (
				0CB16C2D25B3B14500E6AE81 /* sounds.json */,
				0CB16BD925B3B01700E6AE81 /* beep_1sec.mp3 */,
				0CB16BE125B3B01800E6AE81 /* beep_2sec.mp3 */,
				0CB16BD325B3B01700E6AE81 /* beep_05sec.mp3 */,
				0CB16BB125B3B01400E6AE81 /* beep_025sec.mp3 */,
				0CB16BDE25B3B01700E6AE81 /* bike_horn_1.mp3 */,
				0CB16BCE25B3B01600E6AE81 /* bike_horn_2.mp3 */,
				0CB16BC125B3B01500E6AE81 /* car_crash_1.mp3 */,
				0CB16BAF25B3B01400E6AE81 /* car_crash_2.mp3 */,
				0CB16BA025B3B01300E6AE81 /* car_crash_3.mp3 */,
				0CB16BA925B3B01400E6AE81 /* car_crash_4.mp3 */,
				0CB16BDB25B3B01700E6AE81 /* car_crash_5.mp3 */,
				0CB16BC625B3B01600E6AE81 /* car_crash_6.mp3 */,
				0CB16BCF25B3B01600E6AE81 /* car_fast_breaking_1.mp3 */,
				0CB16BDD25B3B01700E6AE81 /* car_fast_breaking_2.mp3 */,
				0CB16BDA25B3B01700E6AE81 /* car_horn_1.mp3 */,
				0CB16BE225B3B01800E6AE81 /* car_horn_2.mp3 */,
				0CB16BA525B3B01300E6AE81 /* cartoon_1.mp3 */,
				0CB16BA225B3B01300E6AE81 /* digital_1.mp3 */,
				0CB16BBD25B3B01500E6AE81 /* digital_2.mp3 */,
				0CB16BBF25B3B01500E6AE81 /* digital_3.mp3 */,
				0CB16BE025B3B01700E6AE81 /* digital_4.mp3 */,
				0CB16BE425B3B01800E6AE81 /* digital_5.mp3 */,
				0CB16BC925B3B01600E6AE81 /* digital_6.mp3 */,
				0CB16BB325B3B01400E6AE81 /* digital_7.mp3 */,
				0CB16BC325B3B01500E6AE81 /* digital_8.mp3 */,
				0CB16BBE25B3B01500E6AE81 /* explosion_1.mp3 */,
				0CB16BD025B3B01600E6AE81 /* explosion_2.mp3 */,
				0CB16BB525B3B01500E6AE81 /* explosion_3.mp3 */,
				0CB16BD825B3B01700E6AE81 /* explosion_4.mp3 */,
				0CB16BD525B3B01700E6AE81 /* explosion_5.mp3 */,
				0CB16BD725B3B01700E6AE81 /* explosion_6.mp3 */,
				0CB16BDF25B3B01700E6AE81 /* explosion_7.mp3 */,
				0CB16BB825B3B01500E6AE81 /* fireworks_1.mp3 */,
				0CB16BB625B3B01500E6AE81 /* gun_1.mp3 */,
				0CB16BAE25B3B01400E6AE81 /* gun_2.mp3 */,
				0CB16BAB25B3B01400E6AE81 /* gun_3.mp3 */,
				0CB16BAA25B3B01400E6AE81 /* gun_4.mp3 */,
				0CB16BC825B3B01600E6AE81 /* gun_5.mp3 */,
				0CB16BD225B3B01700E6AE81 /* gun_6.mp3 */,
				0CB16BA125B3B01300E6AE81 /* gun_7.mp3 */,
				0CB16BE525B3B01800E6AE81 /* gun_8.mp3 */,
				0CB16BC025B3B01500E6AE81 /* gun_9.mp3 */,
				0CB16BB925B3B01500E6AE81 /* gun_10.mp3 */,
				0CB16BC525B3B01600E6AE81 /* money_1.mp3 */,
				0CB16BA325B3B01300E6AE81 /* money_2.mp3 */,
				0CB16BA725B3B01400E6AE81 /* money_3.mp3 */,
				0CB16BCD25B3B01600E6AE81 /* money_4.mp3 */,
				0CB16BC725B3B01600E6AE81 /* money_5.mp3 */,
				0CB16BD425B3B01700E6AE81 /* money_6.mp3 */,
				0CB16BAC25B3B01400E6AE81 /* photo_1.mp3 */,
				0CB16BA425B3B01300E6AE81 /* popup.mp3 */,
				0CB16BA625B3B01300E6AE81 /* ship_horn_1.mp3 */,
				0CB16BDC25B3B01700E6AE81 /* siren_1.mp3 */,
				0CB16BE325B3B01800E6AE81 /* siren_2.mp3 */,
				0CB16BC225B3B01500E6AE81 /* siren_3.mp3 */,
				0CB16BB725B3B01500E6AE81 /* siren_4.mp3 */,
				0CB16BA825B3B01400E6AE81 /* siren_5.mp3 */,
				0CB16BBB25B3B01500E6AE81 /* siren_6.mp3 */,
				0CB16BCC25B3B01600E6AE81 /* siren_7.mp3 */,
				0CB16BD125B3B01600E6AE81 /* siren_8.mp3 */,
				0CB16BB025B3B01400E6AE81 /* siren_9.mp3 */,
				0CB16BCA25B3B01600E6AE81 /* siren_10.mp3 */,
				0CB16BCB25B3B01600E6AE81 /* swish_1.mp3 */,
				0CB16BD625B3B01700E6AE81 /* swish_2.mp3 */,
				0CB16BAD25B3B01400E6AE81 /* swish_3.mp3 */,
				0CB16BBA25B3B01500E6AE81 /* swish_4.mp3 */,
				0CB16BBC25B3B01500E6AE81 /* sword_1.mp3 */,
				0CB16BB425B3B01400E6AE81 /* sword_2.mp3 */,
				0CB16BB225B3B01400E6AE81 /* sword_3.mp3 */,
				0CB16BC425B3B01600E6AE81 /* sword_4.mp3 */,
			);
			path = Sounds;
			sourceTree = "<group>";
		};
		0C29141C254087AA009BDB52 /* Utilities */ = {
			isa = PBXGroup;
			children = (
				0C29141D254087B8009BDB52 /* SoundManager.swift */,
				0C9FBA7A2542B3160071BFFA /* StorageManager.swift */,
				0C6F0A242554771F00C2CB14 /* ColorManager.swift */,
				0C2914242540A569009BDB52 /* VideoRenderer.swift */,
				0C6904A425449D920096E323 /* DateHelper.swift */,
				0C9FD03F257BD6CF00EA70F1 /* SettingsManager.swift */,
				0C2B1ADE25BECA4D00D50E9F /* IAPManager.swift */,
				0C5CE6A725C29D87003B34A3 /* LocalizeSystem.swift */,
			);
			path = Utilities;
			sourceTree = "<group>";
		};
		0C2BFEFD253F35CB00ED700D = {
			isa = PBXGroup;
			children = (
				0C2BFF08253F35CB00ED700D /* censor */,
				0C2BFF07253F35CB00ED700D /* Products */,
				DD777D85DE5A2DC70D375911 /* Pods */,
				3D11C7C71E9E5AABF8AD3AE6 /* Frameworks */,
			);
			sourceTree = "<group>";
		};
		0C2BFF07253F35CB00ED700D /* Products */ = {
			isa = PBXGroup;
			children = (
				0C2BFF06253F35CB00ED700D /* censor.app */,
			);
			name = Products;
			sourceTree = "<group>";
		};
		0C2BFF08253F35CB00ED700D /* censor */ = {
			isa = PBXGroup;
			children = (
				0C2BFF09253F35CB00ED700D /* AppDelegate.swift */,
				0C2BFF1F253F36AD00ED700D /* ViewControllers */,
				0C901C512550640700988CB2 /* Views */,
				0C2BFF37253F4C2500ED700D /* Models */,
				0C29141C254087AA009BDB52 /* Utilities */,
				0C2BFF27253F384200ED700D /* Extensions */,
				0C29141525408780009BDB52 /* Resources */,
				0C2BFF12253F35CC00ED700D /* Assets.xcassets */,
				0C2BFF14253F35CC00ED700D /* LaunchScreen.storyboard */,
				0C2BFF17253F35CC00ED700D /* Info.plist */,
			);
			path = censor;
			sourceTree = "<group>";
		};
		0C2BFF1F253F36AD00ED700D /* ViewControllers */ = {
			isa = PBXGroup;
			children = (
				0C2BFF20253F36B600ED700D /* RootViewController */,
				0C2913FE25403364009BDB52 /* ProjectListViewController */,
				0C2BFF2F253F439200ED700D /* EditorViewController */,
				0C09B49525C1BDD300E8BDCB /* AudioModeSelectorViewController */,
				0C0351812545FA4500BC3461 /* SoundSelectorViewController */,
				0C8AEFD12546E931005D00E1 /* SettingsViewController */,
				0C63D8E325C5D56000979443 /* LanguageListViewController */,
			);
			path = ViewControllers;
			sourceTree = "<group>";
		};
		0C2BFF20253F36B600ED700D /* RootViewController */ = {
			isa = PBXGroup;
			children = (
				0C2BFF21253F36CC00ED700D /* RootViewController.swift */,
				0C2BFF2C253F3A5500ED700D /* RootViewModel.swift */,
				0C6F0A2E25549FB800C2CB14 /* RootButtonView.swift */,
			);
			path = RootViewController;
			sourceTree = "<group>";
		};
		0C2BFF27253F384200ED700D /* Extensions */ = {
			isa = PBXGroup;
			children = (
				0C2BFF28253F385400ED700D /* UIViewController+NavigaionController.swift */,
				0C29140F25403FB7009BDB52 /* UIViewController+Alerts.swift */,
				0C901C672550757F00988CB2 /* UIView+Rendering.swift */,
				0C29140C25403D47009BDB52 /* UINavigationController+CompletionHandler.swift */,
				0C8AEFDC2546EE90005D00E1 /* UITableViewCell+Separator.swift */,
				0C2914212540A2AE009BDB52 /* Double+Rounding.swift */,
				0CE7EA7B2550A36A00C220D6 /* String+Size.swift */,
				0C901C4E2550501C00988CB2 /* NSNotification.Name+CustomNotifications.swift */,
			);
			path = Extensions;
			sourceTree = "<group>";
		};
		0C2BFF2F253F439200ED700D /* EditorViewController */ = {
			isa = PBXGroup;
			children = (
				0C2BFF30253F43AB00ED700D /* EditorViewController.swift */,
				0C2BFF34253F43F000ED700D /* EditorViewModel.swift */,
				0CBD02852550A040007388D7 /* EditorButtonCollectionViewCell */,
			);
			path = EditorViewController;
			sourceTree = "<group>";
		};
		0C2BFF37253F4C2500ED700D /* Models */ = {
			isa = PBXGroup;
			children = (
				0C291409254038E5009BDB52 /* Project.swift */,
				0C29141225405906009BDB52 /* Sound.swift */,
				0C63D8ED25C5E18F00979443 /* CensorViewController.swift */,
			);
			path = Models;
			sourceTree = "<group>";
		};
		0C63D8DB25C5D0E800979443 /* SettingsLanguageTableViewCell */ = {
			isa = PBXGroup;
			children = (
				0C63D8DC25C5D0FB00979443 /* SettingsLanguageTableViewCell.swift */,
				0C63D8E025C5D28100979443 /* SettingsLanguageTableViewCellModel.swift */,
			);
			path = SettingsLanguageTableViewCell;
			sourceTree = "<group>";
		};
		0C63D8E325C5D56000979443 /* LanguageListViewController */ = {
			isa = PBXGroup;
			children = (
				0C63D8E425C5D58300979443 /* LanguageListViewController.swift */,
				0C63D8E725C5D5CC00979443 /* LanguageListViewModel.swift */,
				0C63D8EA25C5D81200979443 /* LanguageListTableViewCell.swift */,
			);
			path = LanguageListViewController;
			sourceTree = "<group>";
		};
		0C71E39D25AF884B005EC445 /* AppIcons */ = {
			isa = PBXGroup;
			children = (
				0C71E3AF25AF8F5B005EC445 /* appicon_black_color@3x.png */,
				0C71E39F25AF88D1005EC445 /* appicon_black_bw@2x.png */,
				0C71E39E25AF88D0005EC445 /* appicon_black_bw@3x.png */,
				0C71E3A325AF88D1005EC445 /* appicon_white_bw@2x.png */,
				0C71E3A025AF88D1005EC445 /* appicon_white_bw@3x.png */,
				0C71E3A125AF88D1005EC445 /* appicon_white_color@2x.png */,
				0C71E3A225AF88D1005EC445 /* appicon_white_color@3x.png */,
			);
			path = AppIcons;
			sourceTree = "<group>";
		};
		0C8AEFD12546E931005D00E1 /* SettingsViewController */ = {
			isa = PBXGroup;
			children = (
				0C8AEFD22546E944005D00E1 /* SettingsViewController.swift */,
				0C8AEFD52546E955005D00E1 /* SettingsViewModel.swift */,
				0C8AEFD82546ED37005D00E1 /* SettingsTitleTableViewCell */,
				0C63D8DB25C5D0E800979443 /* SettingsLanguageTableViewCell */,
				0C8AEFF025470C10005D00E1 /* SettingsIconsTableViewCell */,
				0C8AEFE92546F7E6005D00E1 /* SettingsTipsTableViewCell */,
				0C8AEFE22546F576005D00E1 /* SettingsButtonTableViewCell */,
			);
			path = SettingsViewController;
			sourceTree = "<group>";
		};
		0C8AEFD82546ED37005D00E1 /* SettingsTitleTableViewCell */ = {
			isa = PBXGroup;
			children = (
				0C8AEFD92546ED4B005D00E1 /* SettingsTitleTableViewCell.swift */,
				0C8AEFDF2546EEC6005D00E1 /* SettingsTitleTableViewCellModel.swift */,
			);
			path = SettingsTitleTableViewCell;
			sourceTree = "<group>";
		};
		0C8AEFE22546F576005D00E1 /* SettingsButtonTableViewCell */ = {
			isa = PBXGroup;
			children = (
				0C8AEFE32546F582005D00E1 /* SettingsButtonTableViewCell.swift */,
				0C8AEFE62546F5F1005D00E1 /* SettingsButtonTableViewCellModel.swift */,
			);
			path = SettingsButtonTableViewCell;
			sourceTree = "<group>";
		};
		0C8AEFE92546F7E6005D00E1 /* SettingsTipsTableViewCell */ = {
			isa = PBXGroup;
			children = (
				0C8AEFEA2546F7FA005D00E1 /* SettingsTipsTableViewCell.swift */,
				0C8AEFED2546F813005D00E1 /* SettingsTipsTableViewCellModel.swift */,
			);
			path = SettingsTipsTableViewCell;
			sourceTree = "<group>";
		};
		0C8AEFF025470C10005D00E1 /* SettingsIconsTableViewCell */ = {
			isa = PBXGroup;
			children = (
				0C8AEFF125470C1F005D00E1 /* SettingsIconsTableViewCell.swift */,
				0C8AEFF425470CAC005D00E1 /* SettingsIconsTableViewCellModel.swift */,
				0C8AEFF725470DCF005D00E1 /* SettingsIconCollectionViewCell.swift */,
			);
			path = SettingsIconsTableViewCell;
			sourceTree = "<group>";
		};
		0C901C512550640700988CB2 /* Views */ = {
			isa = PBXGroup;
			children = (
				0C901C522550641800988CB2 /* VideoTimelineView.swift */,
				0C6F0A272554857500C2CB14 /* VideoTimelineSoundView.swift */,
				0C73137A255353E50034D3B1 /* DimmableNavigationController.swift */,
			);
			path = Views;
			sourceTree = "<group>";
		};
		0CBD02852550A040007388D7 /* EditorButtonCollectionViewCell */ = {
			isa = PBXGroup;
			children = (
				0CBD02822550A03E007388D7 /* EditorButtonCollectionViewCell.swift */,
				0CBD02882550A054007388D7 /* EditorButtonCollectionViewCellModel.swift */,
			);
			path = EditorButtonCollectionViewCell;
			sourceTree = "<group>";
		};
		3D11C7C71E9E5AABF8AD3AE6 /* Frameworks */ = {
			isa = PBXGroup;
			children = (
				7216592FE00D6B626C62B183 /* Pods_censor.framework */,
			);
			name = Frameworks;
			sourceTree = "<group>";
		};
		DD777D85DE5A2DC70D375911 /* Pods */ = {
			isa = PBXGroup;
			children = (
				981747B89FD9E939F58A88A8 /* Pods-censor.debug.xcconfig */,
				022FA00B4C414E407DFAD167 /* Pods-censor.release.xcconfig */,
			);
			path = Pods;
			sourceTree = "<group>";
		};
/* End PBXGroup section */

/* Begin PBXNativeTarget section */
		0C2BFF05253F35CB00ED700D /* censor */ = {
			isa = PBXNativeTarget;
			buildConfigurationList = 0C2BFF1A253F35CC00ED700D /* Build configuration list for PBXNativeTarget "censor" */;
			buildPhases = (
				33D400B6B55229848762D941 /* [CP] Check Pods Manifest.lock */,
				0C2BFF02253F35CB00ED700D /* Sources */,
				0C2BFF03253F35CB00ED700D /* Frameworks */,
				0C2BFF04253F35CB00ED700D /* Resources */,
				CF3409EEFCE65B12E1EBF1EC /* [CP] Embed Pods Frameworks */,
			);
			buildRules = (
			);
			dependencies = (
			);
			name = censor;
			packageProductDependencies = (
				0C9FD03C257BD5ED00EA70F1 /* Instructions */,
			);
			productName = censor;
			productReference = 0C2BFF06253F35CB00ED700D /* censor.app */;
			productType = "com.apple.product-type.application";
		};
/* End PBXNativeTarget section */

/* Begin PBXProject section */
		0C2BFEFE253F35CB00ED700D /* Project object */ = {
			isa = PBXProject;
			attributes = {
				LastSwiftUpdateCheck = 1200;
				LastUpgradeCheck = 1200;
				TargetAttributes = {
					0C2BFF05253F35CB00ED700D = {
						CreatedOnToolsVersion = 12.0.1;
					};
				};
			};
			buildConfigurationList = 0C2BFF01253F35CB00ED700D /* Build configuration list for PBXProject "censor" */;
			compatibilityVersion = "Xcode 9.3";
			developmentRegion = en;
			hasScannedForEncodings = 0;
			knownRegions = (
				en,
				Base,
				ru,
			);
			mainGroup = 0C2BFEFD253F35CB00ED700D;
			packageReferences = (
				0C9FD03B257BD5ED00EA70F1 /* XCRemoteSwiftPackageReference "Instructions" */,
			);
			productRefGroup = 0C2BFF07253F35CB00ED700D /* Products */;
			projectDirPath = "";
			projectRoot = "";
			targets = (
				0C2BFF05253F35CB00ED700D /* censor */,
			);
		};
/* End PBXProject section */

/* Begin PBXResourcesBuildPhase section */
		0C2BFF04253F35CB00ED700D /* Resources */ = {
			isa = PBXResourcesBuildPhase;
			buildActionMask = 2147483647;
			files = (
				0CB16BE725B3B01800E6AE81 /* gun_7.mp3 in Resources */,
				0CB16C0125B3B01800E6AE81 /* siren_6.mp3 in Resources */,
				0CB16BFC25B3B01800E6AE81 /* gun_1.mp3 in Resources */,
				0CB16C0B25B3B01800E6AE81 /* money_1.mp3 in Resources */,
				0C5CE6AD25C2A11C003B34A3 /* Localizable.strings in Resources */,
				0CB16BE825B3B01800E6AE81 /* digital_1.mp3 in Resources */,
				0CB16BEB25B3B01800E6AE81 /* cartoon_1.mp3 in Resources */,
				0C2BFF16253F35CC00ED700D /* LaunchScreen.storyboard in Resources */,
				0CB16BED25B3B01800E6AE81 /* money_3.mp3 in Resources */,
				0CB16C1C25B3B01800E6AE81 /* swish_2.mp3 in Resources */,
				0CB16C0025B3B01800E6AE81 /* swish_4.mp3 in Resources */,
				0CB16BF725B3B01800E6AE81 /* beep_025sec.mp3 in Resources */,
				0CB16C1A25B3B01800E6AE81 /* money_6.mp3 in Resources */,
				0CB16C2025B3B01800E6AE81 /* car_horn_1.mp3 in Resources */,
				0CB16BF825B3B01800E6AE81 /* sword_3.mp3 in Resources */,
				0CB16C0E25B3B01800E6AE81 /* gun_5.mp3 in Resources */,
				0CB16BF225B3B01800E6AE81 /* photo_1.mp3 in Resources */,
				0C71E3A425AF88D1005EC445 /* appicon_black_bw@3x.png in Resources */,
				0CB16BF325B3B01800E6AE81 /* swish_3.mp3 in Resources */,
				0CB16C0525B3B01800E6AE81 /* digital_3.mp3 in Resources */,
				0CB16C2125B3B01800E6AE81 /* car_crash_5.mp3 in Resources */,
				0CB16BE925B3B01800E6AE81 /* money_2.mp3 in Resources */,
				0C71E3A925AF88D1005EC445 /* appicon_white_bw@2x.png in Resources */,
				0CB16C0825B3B01800E6AE81 /* siren_3.mp3 in Resources */,
				0CB16C0A25B3B01800E6AE81 /* sword_4.mp3 in Resources */,
				0CB16BF525B3B01800E6AE81 /* car_crash_2.mp3 in Resources */,
				0CB16C1925B3B01800E6AE81 /* beep_05sec.mp3 in Resources */,
				0CB16C0225B3B01800E6AE81 /* sword_1.mp3 in Resources */,
				0CB16BF025B3B01800E6AE81 /* gun_4.mp3 in Resources */,
				0CB16C2225B3B01800E6AE81 /* siren_1.mp3 in Resources */,
				0CB16BEC25B3B01800E6AE81 /* ship_horn_1.mp3 in Resources */,
				0CB16C1125B3B01800E6AE81 /* swish_1.mp3 in Resources */,
				0CB16BEF25B3B01800E6AE81 /* car_crash_4.mp3 in Resources */,
				0CB16BF925B3B01800E6AE81 /* digital_7.mp3 in Resources */,
				0CB16C1625B3B01800E6AE81 /* explosion_2.mp3 in Resources */,
				0CB16C1E25B3B01800E6AE81 /* explosion_4.mp3 in Resources */,
				0C71E3A625AF88D1005EC445 /* appicon_white_bw@3x.png in Resources */,
				0CB16C0425B3B01800E6AE81 /* explosion_1.mp3 in Resources */,
				0CB16C1725B3B01800E6AE81 /* siren_8.mp3 in Resources */,
				0CB16C2425B3B01800E6AE81 /* bike_horn_1.mp3 in Resources */,
				0CB16BEE25B3B01800E6AE81 /* siren_5.mp3 in Resources */,
				0CB16C2625B3B01800E6AE81 /* digital_4.mp3 in Resources */,
				0CB16BEA25B3B01800E6AE81 /* popup.mp3 in Resources */,
				0C71E3A525AF88D1005EC445 /* appicon_black_bw@2x.png in Resources */,
				0CB16BF625B3B01800E6AE81 /* siren_9.mp3 in Resources */,
				0CB16BF125B3B01800E6AE81 /* gun_3.mp3 in Resources */,
				0CB16C2325B3B01800E6AE81 /* car_fast_breaking_2.mp3 in Resources */,
				0CB16BFB25B3B01800E6AE81 /* explosion_3.mp3 in Resources */,
				0CB16C0925B3B01800E6AE81 /* digital_8.mp3 in Resources */,
				0CB16C0325B3B01800E6AE81 /* digital_2.mp3 in Resources */,
				0CB16BFF25B3B01800E6AE81 /* gun_10.mp3 in Resources */,
				0CB16BFE25B3B01800E6AE81 /* fireworks_1.mp3 in Resources */,
				0CB16C1425B3B01800E6AE81 /* bike_horn_2.mp3 in Resources */,
				0CB16BFD25B3B01800E6AE81 /* siren_4.mp3 in Resources */,
				0CB16C2525B3B01800E6AE81 /* explosion_7.mp3 in Resources */,
				0CB16C1225B3B01800E6AE81 /* siren_7.mp3 in Resources */,
				0CB16C2A25B3B01800E6AE81 /* digital_5.mp3 in Resources */,
				0CB16BF425B3B01800E6AE81 /* gun_2.mp3 in Resources */,
				0CB16C0F25B3B01800E6AE81 /* digital_6.mp3 in Resources */,
				0C71E3A825AF88D1005EC445 /* appicon_white_color@3x.png in Resources */,
				0CB16C2725B3B01800E6AE81 /* beep_2sec.mp3 in Resources */,
				0CB16C0C25B3B01800E6AE81 /* car_crash_6.mp3 in Resources */,
				0CB16C1525B3B01800E6AE81 /* car_fast_breaking_1.mp3 in Resources */,
				0CB16C1D25B3B01800E6AE81 /* explosion_6.mp3 in Resources */,
				0CB16C2E25B3B14500E6AE81 /* sounds.json in Resources */,
				0CB16C1025B3B01800E6AE81 /* siren_10.mp3 in Resources */,
				0C71E3B025AF8F5B005EC445 /* appicon_black_color@3x.png in Resources */,
				0CB16C0D25B3B01800E6AE81 /* money_5.mp3 in Resources */,
				0CB16C1F25B3B01800E6AE81 /* beep_1sec.mp3 in Resources */,
				0CB16C1325B3B01800E6AE81 /* money_4.mp3 in Resources */,
				0CB16C0725B3B01800E6AE81 /* car_crash_1.mp3 in Resources */,
				0CB16C1825B3B01800E6AE81 /* gun_6.mp3 in Resources */,
				0CB16C2825B3B01800E6AE81 /* car_horn_2.mp3 in Resources */,
				0C71E3A725AF88D1005EC445 /* appicon_white_color@2x.png in Resources */,
				0C2BFF13253F35CC00ED700D /* Assets.xcassets in Resources */,
				0CB16C0625B3B01800E6AE81 /* gun_9.mp3 in Resources */,
				0CB16C2925B3B01800E6AE81 /* siren_2.mp3 in Resources */,
				0CB16BE625B3B01800E6AE81 /* car_crash_3.mp3 in Resources */,
				0CB16C2B25B3B01800E6AE81 /* gun_8.mp3 in Resources */,
				0CB16C1B25B3B01800E6AE81 /* explosion_5.mp3 in Resources */,
				0CB16BFA25B3B01800E6AE81 /* sword_2.mp3 in Resources */,
			);
			runOnlyForDeploymentPostprocessing = 0;
		};
/* End PBXResourcesBuildPhase section */

/* Begin PBXShellScriptBuildPhase section */
		33D400B6B55229848762D941 /* [CP] Check Pods Manifest.lock */ = {
			isa = PBXShellScriptBuildPhase;
			buildActionMask = 2147483647;
			files = (
			);
			inputFileListPaths = (
			);
			inputPaths = (
				"${PODS_PODFILE_DIR_PATH}/Podfile.lock",
				"${PODS_ROOT}/Manifest.lock",
			);
			name = "[CP] Check Pods Manifest.lock";
			outputFileListPaths = (
			);
			outputPaths = (
				"$(DERIVED_FILE_DIR)/Pods-censor-checkManifestLockResult.txt",
			);
			runOnlyForDeploymentPostprocessing = 0;
			shellPath = /bin/sh;
			shellScript = "diff \"${PODS_PODFILE_DIR_PATH}/Podfile.lock\" \"${PODS_ROOT}/Manifest.lock\" > /dev/null\nif [ $? != 0 ] ; then\n    # print error to STDERR\n    echo \"error: The sandbox is not in sync with the Podfile.lock. Run 'pod install' or update your CocoaPods installation.\" >&2\n    exit 1\nfi\n# This output is used by Xcode 'outputs' to avoid re-running this script phase.\necho \"SUCCESS\" > \"${SCRIPT_OUTPUT_FILE_0}\"\n";
			showEnvVarsInLog = 0;
		};
		CF3409EEFCE65B12E1EBF1EC /* [CP] Embed Pods Frameworks */ = {
			isa = PBXShellScriptBuildPhase;
			buildActionMask = 2147483647;
			files = (
			);
			inputFileListPaths = (
				"${PODS_ROOT}/Target Support Files/Pods-censor/Pods-censor-frameworks-${CONFIGURATION}-input-files.xcfilelist",
			);
			name = "[CP] Embed Pods Frameworks";
			outputFileListPaths = (
				"${PODS_ROOT}/Target Support Files/Pods-censor/Pods-censor-frameworks-${CONFIGURATION}-output-files.xcfilelist",
			);
			runOnlyForDeploymentPostprocessing = 0;
			shellPath = /bin/sh;
			shellScript = "\"${PODS_ROOT}/Target Support Files/Pods-censor/Pods-censor-frameworks.sh\"\n";
			showEnvVarsInLog = 0;
		};
/* End PBXShellScriptBuildPhase section */

/* Begin PBXSourcesBuildPhase section */
		0C2BFF02253F35CB00ED700D /* Sources */ = {
			isa = PBXSourcesBuildPhase;
			buildActionMask = 2147483647;
			files = (
				0C9FBA7B2542B3160071BFFA /* StorageManager.swift in Sources */,
				0CE7EA7C2550A36A00C220D6 /* String+Size.swift in Sources */,
				0C63D8E825C5D5CC00979443 /* LanguageListViewModel.swift in Sources */,
				0C901C532550641800988CB2 /* VideoTimelineView.swift in Sources */,
				0C8AEFF525470CAC005D00E1 /* SettingsIconsTableViewCellModel.swift in Sources */,
				0C8AEFD62546E955005D00E1 /* SettingsViewModel.swift in Sources */,
				0C29141325405906009BDB52 /* Sound.swift in Sources */,
				0C6F0A2F25549FB800C2CB14 /* RootButtonView.swift in Sources */,
				0C29140D25403D47009BDB52 /* UINavigationController+CompletionHandler.swift in Sources */,
				0C29140025403374009BDB52 /* ProjectListViewController.swift in Sources */,
				0C2914072540375D009BDB52 /* ProjectListTableViewCell.swift in Sources */,
				0C63D8E525C5D58300979443 /* LanguageListViewController.swift in Sources */,
				0C8AEFEE2546F813005D00E1 /* SettingsTipsTableViewCellModel.swift in Sources */,
				0C6F0A252554771F00C2CB14 /* ColorManager.swift in Sources */,
				0C0351832545FA5A00BC3461 /* SoundSelectorViewController.swift in Sources */,
				0C2BFF29253F385400ED700D /* UIViewController+NavigaionController.swift in Sources */,
				0C6F0A282554857500C2CB14 /* VideoTimelineSoundView.swift in Sources */,
				0C29141E254087B8009BDB52 /* SoundManager.swift in Sources */,
				0C29140A254038E5009BDB52 /* Project.swift in Sources */,
				0C8AEFDA2546ED4B005D00E1 /* SettingsTitleTableViewCell.swift in Sources */,
				0C2BFF0A253F35CB00ED700D /* AppDelegate.swift in Sources */,
				0C2BFF2D253F3A5500ED700D /* RootViewModel.swift in Sources */,
				0C9FD040257BD6CF00EA70F1 /* SettingsManager.swift in Sources */,
				0C901C4F2550501C00988CB2 /* NSNotification.Name+CustomNotifications.swift in Sources */,
				0C8AEFF825470DCF005D00E1 /* SettingsIconCollectionViewCell.swift in Sources */,
				0C5CE6A825C29D87003B34A3 /* LocalizeSystem.swift in Sources */,
				0C8AEFEB2546F7FA005D00E1 /* SettingsTipsTableViewCell.swift in Sources */,
				0C29141025403FB7009BDB52 /* UIViewController+Alerts.swift in Sources */,
				0C29140425403398009BDB52 /* ProjectListViewModel.swift in Sources */,
				0CBD02892550A054007388D7 /* EditorButtonCollectionViewCellModel.swift in Sources */,
				0C63D8EE25C5E18F00979443 /* CensorViewController.swift in Sources */,
				0C8AEFD32546E944005D00E1 /* SettingsViewController.swift in Sources */,
				0C2BFF35253F43F000ED700D /* EditorViewModel.swift in Sources */,
				0C901C682550757F00988CB2 /* UIView+Rendering.swift in Sources */,
				0C2914252540A569009BDB52 /* VideoRenderer.swift in Sources */,
				0C2914222540A2AE009BDB52 /* Double+Rounding.swift in Sources */,
				0C73137B255353E50034D3B1 /* DimmableNavigationController.swift in Sources */,
				0C63D8E125C5D28100979443 /* SettingsLanguageTableViewCellModel.swift in Sources */,
				0C6904A525449D920096E323 /* DateHelper.swift in Sources */,
				0C09B49C25C1BDF500E8BDCB /* AudioModeSelectorViewModel.swift in Sources */,
				0C8AEFF225470C1F005D00E1 /* SettingsIconsTableViewCell.swift in Sources */,
				0C8AEFDD2546EE90005D00E1 /* UITableViewCell+Separator.swift in Sources */,
				0C2B1ADF25BECA4D00D50E9F /* IAPManager.swift in Sources */,
				0C63D8EB25C5D81200979443 /* LanguageListTableViewCell.swift in Sources */,
				0C63D8DD25C5D0FB00979443 /* SettingsLanguageTableViewCell.swift in Sources */,
				0C8AEFE42546F582005D00E1 /* SettingsButtonTableViewCell.swift in Sources */,
				0C8AEFE72546F5F1005D00E1 /* SettingsButtonTableViewCellModel.swift in Sources */,
				0C0351862545FA6800BC3461 /* SoundSelectorViewModel.swift in Sources */,
				0C03518925460C9F00BC3461 /* SoundSelectorTableViewCell.swift in Sources */,
				0C2BFF31253F43AB00ED700D /* EditorViewController.swift in Sources */,
				0C2BFF22253F36CC00ED700D /* RootViewController.swift in Sources */,
				0C09B49825C1BDE500E8BDCB /* AudioModeSelectorViewController.swift in Sources */,
				0C8AEFE02546EEC6005D00E1 /* SettingsTitleTableViewCellModel.swift in Sources */,
				0CBD02832550A03E007388D7 /* EditorButtonCollectionViewCell.swift in Sources */,
			);
			runOnlyForDeploymentPostprocessing = 0;
		};
/* End PBXSourcesBuildPhase section */

/* Begin PBXVariantGroup section */
		0C2BFF14253F35CC00ED700D /* LaunchScreen.storyboard */ = {
			isa = PBXVariantGroup;
			children = (
				0C2BFF15253F35CC00ED700D /* Base */,
			);
			name = LaunchScreen.storyboard;
			sourceTree = "<group>";
		};
		0C5CE6AF25C2A11C003B34A3 /* Localizable.strings */ = {
			isa = PBXVariantGroup;
			children = (
				0C5CE6AE25C2A11C003B34A3 /* en */,
				0C7B44A925C4A84600B91C1B /* ru */,
			);
			name = Localizable.strings;
			sourceTree = "<group>";
		};
/* End PBXVariantGroup section */

/* Begin XCBuildConfiguration section */
		0C2BFF18253F35CC00ED700D /* Debug */ = {
			isa = XCBuildConfiguration;
			buildSettings = {
				ALWAYS_SEARCH_USER_PATHS = NO;
				CLANG_ANALYZER_LOCALIZABILITY_NONLOCALIZED = YES;
				CLANG_ANALYZER_NONNULL = YES;
				CLANG_ANALYZER_NUMBER_OBJECT_CONVERSION = YES_AGGRESSIVE;
				CLANG_CXX_LANGUAGE_STANDARD = "gnu++14";
				CLANG_CXX_LIBRARY = "libc++";
				CLANG_ENABLE_MODULES = YES;
				CLANG_ENABLE_OBJC_ARC = YES;
				CLANG_ENABLE_OBJC_WEAK = YES;
				CLANG_WARN_BLOCK_CAPTURE_AUTORELEASING = YES;
				CLANG_WARN_BOOL_CONVERSION = YES;
				CLANG_WARN_COMMA = YES;
				CLANG_WARN_CONSTANT_CONVERSION = YES;
				CLANG_WARN_DEPRECATED_OBJC_IMPLEMENTATIONS = YES;
				CLANG_WARN_DIRECT_OBJC_ISA_USAGE = YES_ERROR;
				CLANG_WARN_DOCUMENTATION_COMMENTS = YES;
				CLANG_WARN_EMPTY_BODY = YES;
				CLANG_WARN_ENUM_CONVERSION = YES;
				CLANG_WARN_INFINITE_RECURSION = YES;
				CLANG_WARN_INT_CONVERSION = YES;
				CLANG_WARN_NON_LITERAL_NULL_CONVERSION = YES;
				CLANG_WARN_OBJC_IMPLICIT_RETAIN_SELF = YES;
				CLANG_WARN_OBJC_LITERAL_CONVERSION = YES;
				CLANG_WARN_OBJC_ROOT_CLASS = YES_ERROR;
				CLANG_WARN_QUOTED_INCLUDE_IN_FRAMEWORK_HEADER = YES;
				CLANG_WARN_RANGE_LOOP_ANALYSIS = YES;
				CLANG_WARN_STRICT_PROTOTYPES = YES;
				CLANG_WARN_SUSPICIOUS_MOVE = YES;
				CLANG_WARN_UNGUARDED_AVAILABILITY = YES_AGGRESSIVE;
				CLANG_WARN_UNREACHABLE_CODE = YES;
				CLANG_WARN__DUPLICATE_METHOD_MATCH = YES;
				COPY_PHASE_STRIP = NO;
				DEBUG_INFORMATION_FORMAT = dwarf;
				ENABLE_STRICT_OBJC_MSGSEND = YES;
				ENABLE_TESTABILITY = YES;
				GCC_C_LANGUAGE_STANDARD = gnu11;
				GCC_DYNAMIC_NO_PIC = NO;
				GCC_NO_COMMON_BLOCKS = YES;
				GCC_OPTIMIZATION_LEVEL = 0;
				GCC_PREPROCESSOR_DEFINITIONS = (
					"DEBUG=1",
					"$(inherited)",
				);
				GCC_WARN_64_TO_32_BIT_CONVERSION = YES;
				GCC_WARN_ABOUT_RETURN_TYPE = YES_ERROR;
				GCC_WARN_UNDECLARED_SELECTOR = YES;
				GCC_WARN_UNINITIALIZED_AUTOS = YES_AGGRESSIVE;
				GCC_WARN_UNUSED_FUNCTION = YES;
				GCC_WARN_UNUSED_VARIABLE = YES;
				IPHONEOS_DEPLOYMENT_TARGET = 14.0;
				MTL_ENABLE_DEBUG_INFO = INCLUDE_SOURCE;
				MTL_FAST_MATH = YES;
				ONLY_ACTIVE_ARCH = YES;
				SDKROOT = iphoneos;
				SWIFT_ACTIVE_COMPILATION_CONDITIONS = DEBUG;
				SWIFT_OPTIMIZATION_LEVEL = "-Onone";
			};
			name = Debug;
		};
		0C2BFF19253F35CC00ED700D /* Release */ = {
			isa = XCBuildConfiguration;
			buildSettings = {
				ALWAYS_SEARCH_USER_PATHS = NO;
				CLANG_ANALYZER_LOCALIZABILITY_NONLOCALIZED = YES;
				CLANG_ANALYZER_NONNULL = YES;
				CLANG_ANALYZER_NUMBER_OBJECT_CONVERSION = YES_AGGRESSIVE;
				CLANG_CXX_LANGUAGE_STANDARD = "gnu++14";
				CLANG_CXX_LIBRARY = "libc++";
				CLANG_ENABLE_MODULES = YES;
				CLANG_ENABLE_OBJC_ARC = YES;
				CLANG_ENABLE_OBJC_WEAK = YES;
				CLANG_WARN_BLOCK_CAPTURE_AUTORELEASING = YES;
				CLANG_WARN_BOOL_CONVERSION = YES;
				CLANG_WARN_COMMA = YES;
				CLANG_WARN_CONSTANT_CONVERSION = YES;
				CLANG_WARN_DEPRECATED_OBJC_IMPLEMENTATIONS = YES;
				CLANG_WARN_DIRECT_OBJC_ISA_USAGE = YES_ERROR;
				CLANG_WARN_DOCUMENTATION_COMMENTS = YES;
				CLANG_WARN_EMPTY_BODY = YES;
				CLANG_WARN_ENUM_CONVERSION = YES;
				CLANG_WARN_INFINITE_RECURSION = YES;
				CLANG_WARN_INT_CONVERSION = YES;
				CLANG_WARN_NON_LITERAL_NULL_CONVERSION = YES;
				CLANG_WARN_OBJC_IMPLICIT_RETAIN_SELF = YES;
				CLANG_WARN_OBJC_LITERAL_CONVERSION = YES;
				CLANG_WARN_OBJC_ROOT_CLASS = YES_ERROR;
				CLANG_WARN_QUOTED_INCLUDE_IN_FRAMEWORK_HEADER = YES;
				CLANG_WARN_RANGE_LOOP_ANALYSIS = YES;
				CLANG_WARN_STRICT_PROTOTYPES = YES;
				CLANG_WARN_SUSPICIOUS_MOVE = YES;
				CLANG_WARN_UNGUARDED_AVAILABILITY = YES_AGGRESSIVE;
				CLANG_WARN_UNREACHABLE_CODE = YES;
				CLANG_WARN__DUPLICATE_METHOD_MATCH = YES;
				COPY_PHASE_STRIP = NO;
				DEBUG_INFORMATION_FORMAT = "dwarf-with-dsym";
				ENABLE_NS_ASSERTIONS = NO;
				ENABLE_STRICT_OBJC_MSGSEND = YES;
				GCC_C_LANGUAGE_STANDARD = gnu11;
				GCC_NO_COMMON_BLOCKS = YES;
				GCC_WARN_64_TO_32_BIT_CONVERSION = YES;
				GCC_WARN_ABOUT_RETURN_TYPE = YES_ERROR;
				GCC_WARN_UNDECLARED_SELECTOR = YES;
				GCC_WARN_UNINITIALIZED_AUTOS = YES_AGGRESSIVE;
				GCC_WARN_UNUSED_FUNCTION = YES;
				GCC_WARN_UNUSED_VARIABLE = YES;
				IPHONEOS_DEPLOYMENT_TARGET = 14.0;
				MTL_ENABLE_DEBUG_INFO = NO;
				MTL_FAST_MATH = YES;
				SDKROOT = iphoneos;
				SWIFT_COMPILATION_MODE = wholemodule;
				SWIFT_OPTIMIZATION_LEVEL = "-O";
				VALIDATE_PRODUCT = YES;
			};
			name = Release;
		};
		0C2BFF1B253F35CC00ED700D /* Debug */ = {
			isa = XCBuildConfiguration;
			baseConfigurationReference = 981747B89FD9E939F58A88A8 /* Pods-censor.debug.xcconfig */;
			buildSettings = {
				ASSETCATALOG_COMPILER_APPICON_NAME = AppIcon;
				ASSETCATALOG_COMPILER_GLOBAL_ACCENT_COLOR_NAME = AccentColor;
				CODE_SIGN_STYLE = Automatic;
				CURRENT_PROJECT_VERSION = 6;
				DEVELOPMENT_TEAM = GCD2MCUEP4;
				INFOPLIST_FILE = censor/Info.plist;
				IPHONEOS_DEPLOYMENT_TARGET = 13.0;
				LD_RUNPATH_SEARCH_PATHS = (
					"$(inherited)",
					"@executable_path/Frameworks",
				);
				PRODUCT_BUNDLE_IDENTIFIER = ru.mskr.censor;
				PRODUCT_NAME = "$(TARGET_NAME)";
				SWIFT_VERSION = 5.0;
				TARGETED_DEVICE_FAMILY = "1,2";
			};
			name = Debug;
		};
		0C2BFF1C253F35CC00ED700D /* Release */ = {
			isa = XCBuildConfiguration;
			baseConfigurationReference = 022FA00B4C414E407DFAD167 /* Pods-censor.release.xcconfig */;
			buildSettings = {
				ASSETCATALOG_COMPILER_APPICON_NAME = AppIcon;
				ASSETCATALOG_COMPILER_GLOBAL_ACCENT_COLOR_NAME = AccentColor;
				CODE_SIGN_STYLE = Automatic;
				CURRENT_PROJECT_VERSION = 6;
				DEVELOPMENT_TEAM = GCD2MCUEP4;
				INFOPLIST_FILE = censor/Info.plist;
				IPHONEOS_DEPLOYMENT_TARGET = 13.0;
				LD_RUNPATH_SEARCH_PATHS = (
					"$(inherited)",
					"@executable_path/Frameworks",
				);
				PRODUCT_BUNDLE_IDENTIFIER = ru.mskr.censor;
				PRODUCT_NAME = "$(TARGET_NAME)";
				SWIFT_VERSION = 5.0;
				TARGETED_DEVICE_FAMILY = "1,2";
			};
			name = Release;
		};
/* End XCBuildConfiguration section */

/* Begin XCConfigurationList section */
		0C2BFF01253F35CB00ED700D /* Build configuration list for PBXProject "censor" */ = {
			isa = XCConfigurationList;
			buildConfigurations = (
				0C2BFF18253F35CC00ED700D /* Debug */,
				0C2BFF19253F35CC00ED700D /* Release */,
			);
			defaultConfigurationIsVisible = 0;
			defaultConfigurationName = Release;
		};
		0C2BFF1A253F35CC00ED700D /* Build configuration list for PBXNativeTarget "censor" */ = {
			isa = XCConfigurationList;
			buildConfigurations = (
				0C2BFF1B253F35CC00ED700D /* Debug */,
				0C2BFF1C253F35CC00ED700D /* Release */,
			);
			defaultConfigurationIsVisible = 0;
			defaultConfigurationName = Release;
		};
/* End XCConfigurationList section */

/* Begin XCRemoteSwiftPackageReference section */
		0C9FD03B257BD5ED00EA70F1 /* XCRemoteSwiftPackageReference "Instructions" */ = {
			isa = XCRemoteSwiftPackageReference;
			repositoryURL = "https://github.com/ephread/Instructions";
			requirement = {
				kind = upToNextMajorVersion;
				minimumVersion = 2.0.0;
			};
		};
/* End XCRemoteSwiftPackageReference section */

/* Begin XCSwiftPackageProductDependency section */
		0C9FD03C257BD5ED00EA70F1 /* Instructions */ = {
			isa = XCSwiftPackageProductDependency;
			package = 0C9FD03B257BD5ED00EA70F1 /* XCRemoteSwiftPackageReference "Instructions" */;
			productName = Instructions;
		};
/* End XCSwiftPackageProductDependency section */
	};
	rootObject = 0C2BFEFE253F35CB00ED700D /* Project object */;
}
